{
  "version": 4,
  "terraform_version": "1.12.2",
  "serial": 159,
  "lineage": "739b874a-bcd4-fd6d-0d70-7155ba1da530",
  "outputs": {
    "api_id": {
      "value": "383be52d57",
      "type": "string"
    },
    "api_url": {
      "value": "https://383be52d57.execute-api.us-east-1.amazonaws.com/dev",
      "type": "string"
    },
    "cognito_user_pool_client_id": {
      "value": "9fe713f78bb44c3a85431ffd97",
      "type": "string"
    },
    "cognito_user_pool_id": {
      "value": "us-east-1_f064a632c",
      "type": "string"
    },
    "dynamodb_table_arn": {
      "value": "arn:aws:dynamodb:us-east-1:000000000000:table/lambda-zerotrust-poc-items",
      "type": "string"
    },
    "dynamodb_table_name": {
      "value": "lambda-zerotrust-poc-items",
      "type": "string"
    },
    "github_actions_role_arn": {
      "value": "arn:aws:iam::000000000000:role/lambda-zerotrust-poc-github-actions-dev",
      "type": "string"
    },
    "lambda_functions": {
      "value": {
        "create_item": "lambda-zerotrust-poc-create-item",
        "delete_item": "lambda-zerotrust-poc-delete-item",
        "get_item": "lambda-zerotrust-poc-get-item",
        "list_items": "lambda-zerotrust-poc-list-items",
        "update_item": "lambda-zerotrust-poc-update-item"
      },
      "type": [
        "object",
        {
          "create_item": "string",
          "delete_item": "string",
          "get_item": "string",
          "list_items": "string",
          "update_item": "string"
        }
      ]
    },
    "lambda_invoke_arns": {
      "value": {
        "create_item": "arn:aws:apigateway:us-east-1:lambda:path/2015-03-31/functions/arn:aws:lambda:us-east-1:000000000000:function:lambda-zerotrust-poc-create-item/invocations",
        "delete_item": "arn:aws:apigateway:us-east-1:lambda:path/2015-03-31/functions/arn:aws:lambda:us-east-1:000000000000:function:lambda-zerotrust-poc-delete-item/invocations",
        "get_item": "arn:aws:apigateway:us-east-1:lambda:path/2015-03-31/functions/arn:aws:lambda:us-east-1:000000000000:function:lambda-zerotrust-poc-get-item/invocations",
        "list_items": "arn:aws:apigateway:us-east-1:lambda:path/2015-03-31/functions/arn:aws:lambda:us-east-1:000000000000:function:lambda-zerotrust-poc-list-items/invocations",
        "update_item": "arn:aws:apigateway:us-east-1:lambda:path/2015-03-31/functions/arn:aws:lambda:us-east-1:000000000000:function:lambda-zerotrust-poc-update-item/invocations"
      },
      "type": [
        "object",
        {
          "create_item": "string",
          "delete_item": "string",
          "get_item": "string",
          "list_items": "string",
          "update_item": "string"
        }
      ]
    },
    "oidc_provider_arn": {
      "value": "N/A (Floci does not support OIDC providers)",
      "type": "string"
    },
    "terraform_lock_table": {
      "value": "lambda-zerotrust-poc-terraform-locks",
      "type": "string"
    },
    "terraform_state_bucket": {
      "value": "lambda-zerotrust-poc-terraform-state",
      "type": "string"
    }
  },
  "resources": [
    {
      "mode": "managed",
      "type": "aws_cognito_user_pool",
      "name": "main",
      "provider": "provider[\"registry.terraform.io/hashicorp/aws\"]",
      "instances": [
        {
          "schema_version": 0,
          "attributes": {
            "account_recovery_setting": [],
            "admin_create_user_config": [
              {
                "allow_admin_create_user_only": false,
                "invite_message_template": []
              }
            ],
            "alias_attributes": [],
            "arn": "arn:aws:cognito-idp:us-east-1:000000000000:userpool/us-east-1_f064a632c",
            "auto_verified_attributes": [
              "email"
            ],
            "creation_date": "2026-07-17T14:54:08Z",
            "custom_domain": "",
            "deletion_protection": "INACTIVE",
            "device_configuration": [
              {
                "challenge_required_on_new_device": false,
                "device_only_remembered_on_user_prompt": false
              }
            ],
            "domain": "",
            "email_configuration": [
              {
                "configuration_set": "",
                "email_sending_account": "COGNITO_DEFAULT",
                "from_email_address": "",
                "reply_to_email_address": "",
                "source_arn": ""
              }
            ],
            "email_mfa_configuration": [],
            "email_verification_message": "",
            "email_verification_subject": "",
            "endpoint": "cognito-idp.us-east-1.amazonaws.com/us-east-1_f064a632c",
            "estimated_number_of_users": 0,
            "id": "us-east-1_f064a632c",
            "lambda_config": [],
            "last_modified_date": "2026-07-17T17:18:04Z",
            "mfa_configuration": "OFF",
            "name": "lambda-zerotrust-poc-user-pool",
            "password_policy": [
              {
                "minimum_length": 8,
                "password_history_size": 0,
                "require_lowercase": true,
                "require_numbers": true,
                "require_symbols": false,
                "require_uppercase": true,
                "temporary_password_validity_days": 0
              }
            ],
            "region": "us-east-1",
            "schema": [
              {
                "attribute_data_type": "String",
                "developer_only_attribute": false,
                "mutable": true,
                "name": "email",
                "number_attribute_constraints": [],
                "required": true,
                "string_attribute_constraints": [
                  {
                    "max_length": "256",
                    "min_length": "1"
                  }
                ]
              }
            ],
            "sign_in_policy": [],
            "sms_authentication_message": "",
            "sms_configuration": [
              {
                "external_id": null,
                "sns_caller_arn": null,
                "sns_region": null
              }
            ],
            "sms_verification_message": "",
            "software_token_mfa_configuration": [],
            "tags": {
              "Environment": "dev",
              "Project": "lambda-zerotrust-poc"
            },
            "tags_all": {
              "Environment": "dev",
              "Project": "lambda-zerotrust-poc"
            },
            "user_attribute_update_settings": [],
            "user_pool_add_ons": [
              {
                "advanced_security_additional_flows": [],
                "advanced_security_mode": ""
              }
            ],
            "user_pool_tier": "ESSENTIALS",
            "username_attributes": [
              "email"
            ],
            "username_configuration": [
              {
                "case_sensitive": false
              }
            ],
            "verification_message_template": [
              {
                "default_email_option": "",
                "email_message": "",
                "email_message_by_link": "",
                "email_subject": "",
                "email_subject_by_link": "",
                "sms_message": ""
              }
            ],
            "web_authn_configuration": []
          },
          "sensitive_attributes": [],
          "identity_schema_version": 0,
          "private": "bnVsbA==",
          "create_before_destroy": true
        }
      ]
    },
    {
      "mode": "managed",
      "type": "aws_cognito_user_pool_client",
      "name": "main",
      "provider": "provider[\"registry.terraform.io/hashicorp/aws\"]",
      "instances": [
        {
          "schema_version": 0,
          "attributes": {
            "access_token_validity": 0,
            "allowed_oauth_flows": [],
            "allowed_oauth_flows_user_pool_client": false,
            "allowed_oauth_scopes": [],
            "analytics_configuration": [],
            "auth_session_validity": null,
            "callback_urls": [],
            "client_secret": "",
            "default_redirect_uri": "",
            "enable_propagate_additional_user_context_data": null,
            "enable_token_revocation": true,
            "explicit_auth_flows": [
              "ALLOW_REFRESH_TOKEN_AUTH",
              "ALLOW_USER_PASSWORD_AUTH"
            ],
            "generate_secret": false,
            "id": "9fe713f78bb44c3a85431ffd97",
            "id_token_validity": 0,
            "logout_urls": [],
            "name": "lambda-zerotrust-poc-client",
            "prevent_user_existence_errors": "",
            "read_attributes": [],
            "refresh_token_rotation": [],
            "refresh_token_validity": 0,
            "region": "us-east-1",
            "supported_identity_providers": [
              "COGNITO"
            ],
            "token_validity_units": [],
            "user_pool_id": "us-east-1_f064a632c",
            "write_attributes": []
          },
          "sensitive_attributes": [
            [
              {
                "type": "get_attr",
                "value": "client_secret"
              }
            ]
          ],
          "identity_schema_version": 0,
          "dependencies": [
            "aws_cognito_user_pool.main"
          ]
        }
      ]
    },
    {
      "mode": "managed",
      "type": "aws_dynamodb_table",
      "name": "terraform_locks",
      "provider": "provider[\"registry.terraform.io/hashicorp/aws\"]",
      "instances": [
        {
          "schema_version": 1,
          "attributes": {
            "arn": "arn:aws:dynamodb:us-east-1:000000000000:table/lambda-zerotrust-poc-terraform-locks",
            "attribute": [
              {
                "name": "LockID",
                "type": "S"
              }
            ],
            "billing_mode": "PAY_PER_REQUEST",
            "deletion_protection_enabled": false,
            "global_secondary_index": [],
            "global_table_witness": [],
            "hash_key": "LockID",
            "id": "lambda-zerotrust-poc-terraform-locks",
            "import_table": [],
            "local_secondary_index": [],
            "name": "lambda-zerotrust-poc-terraform-locks",
            "on_demand_throughput": [],
            "point_in_time_recovery": [
              {
                "enabled": false,
                "recovery_period_in_days": 0
              }
            ],
            "range_key": null,
            "read_capacity": 0,
            "region": "us-east-1",
            "replica": [],
            "restore_backup_arn": null,
            "restore_date_time": null,
            "restore_source_name": null,
            "restore_source_table_arn": null,
            "restore_to_latest_time": null,
            "server_side_encryption": [],
            "stream_arn": "",
            "stream_enabled": false,
            "stream_label": "",
            "stream_view_type": "",
            "table_class": "STANDARD",
            "tags": {
              "Name": "Terraform Lock Table",
              "Project": "lambda-zerotrust-poc"
            },
            "tags_all": {
              "Name": "Terraform Lock Table",
              "Project": "lambda-zerotrust-poc"
            },
            "timeouts": null,
            "ttl": [
              {
                "attribute_name": "",
                "enabled": false
              }
            ],
            "warm_throughput": [],
            "write_capacity": 0
          },
          "sensitive_attributes": [],
          "identity_schema_version": 0,
          "identity": {
            "account_id": "",
            "name": "lambda-zerotrust-poc-terraform-locks",
            "region": "us-east-1"
          },
          "private": "eyJlMmJmYjczMC1lY2FhLTExZTYtOGY4OC0zNDM2M2JjN2M0YzAiOnsiY3JlYXRlIjoxODAwMDAwMDAwMDAwLCJkZWxldGUiOjYwMDAwMDAwMDAwMCwidXBkYXRlIjozNjAwMDAwMDAwMDAwfSwic2NoZW1hX3ZlcnNpb24iOiIxIn0="
        }
      ]
    },
    {
      "mode": "managed",
      "type": "aws_iam_openid_connect_provider",
      "name": "github",
      "provider": "provider[\"registry.terraform.io/hashicorp/aws\"]",
      "instances": []
    },
    {
      "mode": "managed",
      "type": "aws_iam_role",
      "name": "github_actions",
      "provider": "provider[\"registry.terraform.io/hashicorp/aws\"]",
      "instances": [
        {
          "schema_version": 0,
          "attributes": {
            "arn": "arn:aws:iam::000000000000:role/lambda-zerotrust-poc-github-actions-dev",
            "assume_role_policy": "{\"Statement\":[{\"Action\":\"sts:AssumeRole\",\"Condition\":{},\"Effect\":\"Allow\",\"Principal\":{\"AWS\":\"arn:aws:iam::000000000000:root\"}}],\"Version\":\"2012-10-17\"}",
            "create_date": "2026-07-17T14:54:09Z",
            "description": "",
            "force_detach_policies": false,
            "id": "lambda-zerotrust-poc-github-actions-dev",
            "inline_policy": [],
            "managed_policy_arns": [],
            "max_session_duration": 3600,
            "name": "lambda-zerotrust-poc-github-actions-dev",
            "name_prefix": "",
            "path": "/",
            "permissions_boundary": "",
            "tags": {},
            "tags_all": {},
            "unique_id": "AROADB2O16DEQ5JQH3YH"
          },
          "sensitive_attributes": [],
          "identity_schema_version": 0,
          "identity": {
            "account_id": "",
            "name": "lambda-zerotrust-poc-github-actions-dev"
          },
          "private": "bnVsbA==",
          "dependencies": [
            "aws_iam_openid_connect_provider.github"
          ]
        }
      ]
    },
    {
      "mode": "managed",
      "type": "aws_lambda_permission",
      "name": "api_gateway",
      "provider": "provider[\"registry.terraform.io/hashicorp/aws\"]",
      "instances": [
        {
          "index_key": "create_item",
          "schema_version": 0,
          "attributes": {
            "action": "lambda:InvokeFunction",
            "event_source_token": null,
            "function_name": "lambda-zerotrust-poc-create-item",
            "function_url_auth_type": null,
            "id": "AllowAPIGatewayInvoke",
            "invoked_via_function_url": null,
            "principal": "apigateway.amazonaws.com",
            "principal_org_id": null,
            "qualifier": "",
            "region": "us-east-1",
            "source_account": null,
            "source_arn": "arn:aws:apigateway:us-east-1::/restapis/383be52d57/*/*",
            "statement_id": "AllowAPIGatewayInvoke",
            "statement_id_prefix": "",
            "timeouts": null
          },
          "sensitive_attributes": [],
          "identity_schema_version": 0,
          "identity": {
            "account_id": "",
            "function_name": "lambda-zerotrust-poc-create-item",
            "qualifier": null,
            "region": "us-east-1",
            "statement_id": "AllowAPIGatewayInvoke"
          },
          "private": "eyJlMmJmYjczMC1lY2FhLTExZTYtOGY4OC0zNDM2M2JjN2M0YzAiOnsiY3JlYXRlIjozMDAwMDAwMDAwMDAsImRlbGV0ZSI6MzAwMDAwMDAwMDAwLCJyZWFkIjozMDAwMDAwMDAwMDB9fQ==",
          "dependencies": [
            "module.api_gateway.aws_api_gateway_rest_api.this",
            "module.dynamodb.aws_dynamodb_table.this",
            "module.lambda_create_item.aws_iam_role.lambda_role",
            "module.lambda_create_item.aws_lambda_function.this",
            "module.lambda_delete_item.aws_iam_role.lambda_role",
            "module.lambda_delete_item.aws_lambda_function.this",
            "module.lambda_get_item.aws_iam_role.lambda_role",
            "module.lambda_get_item.aws_lambda_function.this",
            "module.lambda_list_items.aws_iam_role.lambda_role",
            "module.lambda_list_items.aws_lambda_function.this",
            "module.lambda_update_item.aws_iam_role.lambda_role",
            "module.lambda_update_item.aws_lambda_function.this"
          ]
        },
        {
          "index_key": "delete_item",
          "schema_version": 0,
          "attributes": {
            "action": "lambda:InvokeFunction",
            "event_source_token": null,
            "function_name": "lambda-zerotrust-poc-delete-item",
            "function_url_auth_type": null,
            "id": "AllowAPIGatewayInvoke",
            "invoked_via_function_url": null,
            "principal": "apigateway.amazonaws.com",
            "principal_org_id": null,
            "qualifier": "",
            "region": "us-east-1",
            "source_account": null,
            "source_arn": "arn:aws:apigateway:us-east-1::/restapis/383be52d57/*/*",
            "statement_id": "AllowAPIGatewayInvoke",
            "statement_id_prefix": "",
            "timeouts": null
          },
          "sensitive_attributes": [],
          "identity_schema_version": 0,
          "identity": {
            "account_id": "",
            "function_name": "lambda-zerotrust-poc-delete-item",
            "qualifier": null,
            "region": "us-east-1",
            "statement_id": "AllowAPIGatewayInvoke"
          },
          "private": "eyJlMmJmYjczMC1lY2FhLTExZTYtOGY4OC0zNDM2M2JjN2M0YzAiOnsiY3JlYXRlIjozMDAwMDAwMDAwMDAsImRlbGV0ZSI6MzAwMDAwMDAwMDAwLCJyZWFkIjozMDAwMDAwMDAwMDB9fQ==",
          "dependencies": [
            "module.api_gateway.aws_api_gateway_rest_api.this",
            "module.dynamodb.aws_dynamodb_table.this",
            "module.lambda_create_item.aws_iam_role.lambda_role",
            "module.lambda_create_item.aws_lambda_function.this",
            "module.lambda_delete_item.aws_iam_role.lambda_role",
            "module.lambda_delete_item.aws_lambda_function.this",
            "module.lambda_get_item.aws_iam_role.lambda_role",
            "module.lambda_get_item.aws_lambda_function.this",
            "module.lambda_list_items.aws_iam_role.lambda_role",
            "module.lambda_list_items.aws_lambda_function.this",
            "module.lambda_update_item.aws_iam_role.lambda_role",
            "module.lambda_update_item.aws_lambda_function.this"
          ]
        },
        {
          "index_key": "get_item",
          "schema_version": 0,
          "attributes": {
            "action": "lambda:InvokeFunction",
            "event_source_token": null,
            "function_name": "lambda-zerotrust-poc-get-item",
            "function_url_auth_type": null,
            "id": "AllowAPIGatewayInvoke",
            "invoked_via_function_url": null,
            "principal": "apigateway.amazonaws.com",
            "principal_org_id": null,
            "qualifier": "",
            "region": "us-east-1",
            "source_account": null,
            "source_arn": "arn:aws:apigateway:us-east-1::/restapis/383be52d57/*/*",
            "statement_id": "AllowAPIGatewayInvoke",
            "statement_id_prefix": "",
            "timeouts": null
          },
          "sensitive_attributes": [],
          "identity_schema_version": 0,
          "identity": {
            "account_id": "",
            "function_name": "lambda-zerotrust-poc-get-item",
            "qualifier": null,
            "region": "us-east-1",
            "statement_id": "AllowAPIGatewayInvoke"
          },
          "private": "eyJlMmJmYjczMC1lY2FhLTExZTYtOGY4OC0zNDM2M2JjN2M0YzAiOnsiY3JlYXRlIjozMDAwMDAwMDAwMDAsImRlbGV0ZSI6MzAwMDAwMDAwMDAwLCJyZWFkIjozMDAwMDAwMDAwMDB9fQ==",
          "dependencies": [
            "module.api_gateway.aws_api_gateway_rest_api.this",
            "module.dynamodb.aws_dynamodb_table.this",
            "module.lambda_create_item.aws_iam_role.lambda_role",
            "module.lambda_create_item.aws_lambda_function.this",
            "module.lambda_delete_item.aws_iam_role.lambda_role",
            "module.lambda_delete_item.aws_lambda_function.this",
            "module.lambda_get_item.aws_iam_role.lambda_role",
            "module.lambda_get_item.aws_lambda_function.this",
            "module.lambda_list_items.aws_iam_role.lambda_role",
            "module.lambda_list_items.aws_lambda_function.this",
            "module.lambda_update_item.aws_iam_role.lambda_role",
            "module.lambda_update_item.aws_lambda_function.this"
          ]
        },
        {
          "index_key": "list_items",
          "schema_version": 0,
          "attributes": {
            "action": "lambda:InvokeFunction",
            "event_source_token": null,
            "function_name": "lambda-zerotrust-poc-list-items",
            "function_url_auth_type": null,
            "id": "AllowAPIGatewayInvoke",
            "invoked_via_function_url": null,
            "principal": "apigateway.amazonaws.com",
            "principal_org_id": null,
            "qualifier": "",
            "region": "us-east-1",
            "source_account": null,
            "source_arn": "arn:aws:apigateway:us-east-1::/restapis/383be52d57/*/*",
            "statement_id": "AllowAPIGatewayInvoke",
            "statement_id_prefix": "",
            "timeouts": null
          },
          "sensitive_attributes": [],
          "identity_schema_version": 0,
          "identity": {
            "account_id": "",
            "function_name": "lambda-zerotrust-poc-list-items",
            "qualifier": null,
            "region": "us-east-1",
            "statement_id": "AllowAPIGatewayInvoke"
          },
          "private": "eyJlMmJmYjczMC1lY2FhLTExZTYtOGY4OC0zNDM2M2JjN2M0YzAiOnsiY3JlYXRlIjozMDAwMDAwMDAwMDAsImRlbGV0ZSI6MzAwMDAwMDAwMDAwLCJyZWFkIjozMDAwMDAwMDAwMDB9fQ==",
          "dependencies": [
            "module.api_gateway.aws_api_gateway_rest_api.this",
            "module.dynamodb.aws_dynamodb_table.this",
            "module.lambda_create_item.aws_iam_role.lambda_role",
            "module.lambda_create_item.aws_lambda_function.this",
            "module.lambda_delete_item.aws_iam_role.lambda_role",
            "module.lambda_delete_item.aws_lambda_function.this",
            "module.lambda_get_item.aws_iam_role.lambda_role",
            "module.lambda_get_item.aws_lambda_function.this",
            "module.lambda_list_items.aws_iam_role.lambda_role",
            "module.lambda_list_items.aws_lambda_function.this",
            "module.lambda_update_item.aws_iam_role.lambda_role",
            "module.lambda_update_item.aws_lambda_function.this"
          ]
        },
        {
          "index_key": "update_item",
          "schema_version": 0,
          "attributes": {
            "action": "lambda:InvokeFunction",
            "event_source_token": null,
            "function_name": "lambda-zerotrust-poc-update-item",
            "function_url_auth_type": null,
            "id": "AllowAPIGatewayInvoke",
            "invoked_via_function_url": null,
            "principal": "apigateway.amazonaws.com",
            "principal_org_id": null,
            "qualifier": "",
            "region": "us-east-1",
            "source_account": null,
            "source_arn": "arn:aws:apigateway:us-east-1::/restapis/383be52d57/*/*",
            "statement_id": "AllowAPIGatewayInvoke",
            "statement_id_prefix": "",
            "timeouts": null
          },
          "sensitive_attributes": [],
          "identity_schema_version": 0,
          "identity": {
            "account_id": "",
            "function_name": "lambda-zerotrust-poc-update-item",
            "qualifier": null,
            "region": "us-east-1",
            "statement_id": "AllowAPIGatewayInvoke"
          },
          "private": "eyJlMmJmYjczMC1lY2FhLTExZTYtOGY4OC0zNDM2M2JjN2M0YzAiOnsiY3JlYXRlIjozMDAwMDAwMDAwMDAsImRlbGV0ZSI6MzAwMDAwMDAwMDAwLCJyZWFkIjozMDAwMDAwMDAwMDB9fQ==",
          "dependencies": [
            "module.api_gateway.aws_api_gateway_rest_api.this",
            "module.dynamodb.aws_dynamodb_table.this",
            "module.lambda_create_item.aws_iam_role.lambda_role",
            "module.lambda_create_item.aws_lambda_function.this",
            "module.lambda_delete_item.aws_iam_role.lambda_role",
            "module.lambda_delete_item.aws_lambda_function.this",
            "module.lambda_get_item.aws_iam_role.lambda_role",
            "module.lambda_get_item.aws_lambda_function.this",
            "module.lambda_list_items.aws_iam_role.lambda_role",
            "module.lambda_list_items.aws_lambda_function.this",
            "module.lambda_update_item.aws_iam_role.lambda_role",
            "module.lambda_update_item.aws_lambda_function.this"
          ]
        }
      ]
    },
    {
      "mode": "managed",
      "type": "aws_s3_bucket",
      "name": "terraform_state",
      "provider": "provider[\"registry.terraform.io/hashicorp/aws\"]",
      "instances": [
        {
          "schema_version": 0,
          "attributes": {
            "acceleration_status": "",
            "acl": null,
            "arn": "arn:aws:s3:::lambda-zerotrust-poc-terraform-state",
            "bucket": "lambda-zerotrust-poc-terraform-state",
            "bucket_domain_name": "lambda-zerotrust-poc-terraform-state.s3.amazonaws.com",
            "bucket_namespace": "global",
            "bucket_prefix": "",
            "bucket_region": "us-east-1",
            "bucket_regional_domain_name": "lambda-zerotrust-poc-terraform-state.s3.us-east-1.amazonaws.com",
            "cors_rule": [],
            "force_destroy": false,
            "grant": [
              {
                "id": "000000000000",
                "permissions": [
                  "FULL_CONTROL"
                ],
                "type": "CanonicalUser",
                "uri": ""
              }
            ],
            "hosted_zone_id": "Z3AQBSTGFYJSTF",
            "id": "lambda-zerotrust-poc-terraform-state",
            "lifecycle_rule": [],
            "logging": [],
            "object_lock_configuration": [],
            "object_lock_enabled": false,
            "policy": "",
            "region": "us-east-1",
            "replication_configuration": [
              {
                "role": "",
                "rules": []
              }
            ],
            "request_payer": "BucketOwner",
            "server_side_encryption_configuration": [
              {
                "rule": [
                  {
                    "apply_server_side_encryption_by_default": [
                      {
                        "kms_master_key_id": "",
                        "sse_algorithm": "AES256"
                      }
                    ],
                    "bucket_key_enabled": false
                  }
                ]
              }
            ],
            "tags": {
              "Name": "Terraform State Bucket",
              "Project": "lambda-zerotrust-poc"
            },
            "tags_all": {
              "Name": "Terraform State Bucket",
              "Project": "lambda-zerotrust-poc"
            },
            "timeouts": null,
            "versioning": [
              {
                "enabled": true,
                "mfa_delete": false
              }
            ],
            "website": [],
            "website_domain": null,
            "website_endpoint": null
          },
          "sensitive_attributes": [],
          "identity_schema_version": 0,
          "identity": {
            "account_id": "",
            "bucket": "lambda-zerotrust-poc-terraform-state",
            "region": "us-east-1"
          },
          "private": "eyJlMmJmYjczMC1lY2FhLTExZTYtOGY4OC0zNDM2M2JjN2M0YzAiOnsiY3JlYXRlIjoxMjAwMDAwMDAwMDAwLCJkZWxldGUiOjM2MDAwMDAwMDAwMDAsInJlYWQiOjEyMDAwMDAwMDAwMDAsInVwZGF0ZSI6MTIwMDAwMDAwMDAwMH19"
        }
      ]
    },
    {
      "mode": "managed",
      "type": "aws_s3_bucket_public_access_block",
      "name": "terraform_state",
      "provider": "provider[\"registry.terraform.io/hashicorp/aws\"]",
      "instances": [
        {
          "schema_version": 0,
          "attributes": {
            "block_public_acls": true,
            "block_public_policy": true,
            "bucket": "lambda-zerotrust-poc-terraform-state",
            "id": "lambda-zerotrust-poc-terraform-state",
            "ignore_public_acls": true,
            "region": "us-east-1",
            "restrict_public_buckets": true,
            "skip_destroy": null
          },
          "sensitive_attributes": [],
          "identity_schema_version": 0,
          "identity": {
            "account_id": "",
            "bucket": "lambda-zerotrust-poc-terraform-state",
            "region": "us-east-1"
          },
          "private": "bnVsbA==",
          "dependencies": [
            "aws_s3_bucket.terraform_state"
          ]
        }
      ]
    },
    {
      "mode": "managed",
      "type": "aws_s3_bucket_server_side_encryption_configuration",
      "name": "terraform_state",
      "provider": "provider[\"registry.terraform.io/hashicorp/aws\"]",
      "instances": [
        {
          "schema_version": 0,
          "attributes": {
            "bucket": "lambda-zerotrust-poc-terraform-state",
            "expected_bucket_owner": "",
            "id": "lambda-zerotrust-poc-terraform-state",
            "region": "us-east-1",
            "rule": [
              {
                "apply_server_side_encryption_by_default": [
                  {
                    "kms_master_key_id": "",
                    "sse_algorithm": "AES256"
                  }
                ],
                "blocked_encryption_types": [],
                "bucket_key_enabled": false
              }
            ]
          },
          "sensitive_attributes": [],
          "identity_schema_version": 1,
          "identity": {
            "account_id": "",
            "bucket": "lambda-zerotrust-poc-terraform-state",
            "region": "us-east-1"
          },
          "private": "bnVsbA==",
          "dependencies": [
            "aws_s3_bucket.terraform_state"
          ]
        }
      ]
    },
    {
      "mode": "managed",
      "type": "aws_s3_bucket_versioning",
      "name": "terraform_state",
      "provider": "provider[\"registry.terraform.io/hashicorp/aws\"]",
      "instances": [
        {
          "schema_version": 0,
          "attributes": {
            "bucket": "lambda-zerotrust-poc-terraform-state",
            "expected_bucket_owner": "",
            "id": "lambda-zerotrust-poc-terraform-state",
            "mfa": null,
            "region": "us-east-1",
            "versioning_configuration": [
              {
                "mfa_delete": "Disabled",
                "status": "Enabled"
              }
            ]
          },
          "sensitive_attributes": [],
          "identity_schema_version": 1,
          "identity": {
            "account_id": "",
            "bucket": "lambda-zerotrust-poc-terraform-state",
            "region": "us-east-1"
          },
          "private": "bnVsbA==",
          "dependencies": [
            "aws_s3_bucket.terraform_state"
          ]
        }
      ]
    },
    {
      "module": "module.api_gateway",
      "mode": "managed",
      "type": "aws_api_gateway_authorizer",
      "name": "cognito",
      "provider": "provider[\"registry.terraform.io/hashicorp/aws\"]",
      "instances": [
        {
          "schema_version": 0,
          "attributes": {
            "arn": "arn:aws:apigateway:us-east-1::/restapis/383be52d57/authorizers/8dd874",
            "authorizer_credentials": "",
            "authorizer_result_ttl_in_seconds": 300,
            "authorizer_uri": "",
            "id": "8dd874",
            "identity_source": "method.request.header.Authorization",
            "identity_validation_expression": "",
            "name": "lambda-zerotrust-poc-api-cognito",
            "provider_arns": [
              "arn:aws:cognito-idp:us-east-1:000000000000:userpool/us-east-1_f064a632c"
            ],
            "region": "us-east-1",
            "rest_api_id": "383be52d57",
            "type": "COGNITO_USER_POOLS"
          },
          "sensitive_attributes": [],
          "identity_schema_version": 0,
          "private": "bnVsbA==",
          "dependencies": [
            "aws_cognito_user_pool.main",
            "module.api_gateway.aws_api_gateway_rest_api.this"
          ],
          "create_before_destroy": true
        }
      ]
    },
    {
      "module": "module.api_gateway",
      "mode": "managed",
      "type": "aws_api_gateway_deployment",
      "name": "this",
      "provider": "provider[\"registry.terraform.io/hashicorp/aws\"]",
      "instances": [
        {
          "schema_version": 0,
          "attributes": {
            "created_date": "2026-07-17T15:42:02Z",
            "description": "",
            "id": "daaa7871de",
            "region": "us-east-1",
            "rest_api_id": "383be52d57",
            "triggers": {
              "redeployment": "77cb5d795641f3ef02588e453cb860d32d88769d"
            },
            "variables": null
          },
          "sensitive_attributes": [],
          "identity_schema_version": 0,
          "private": "bnVsbA==",
          "dependencies": [
            "aws_cognito_user_pool.main",
            "module.api_gateway.aws_api_gateway_authorizer.cognito",
            "module.api_gateway.aws_api_gateway_integration.this",
            "module.api_gateway.aws_api_gateway_method.this",
            "module.api_gateway.aws_api_gateway_resource.item",
            "module.api_gateway.aws_api_gateway_resource.items",
            "module.api_gateway.aws_api_gateway_rest_api.this",
            "module.dynamodb.aws_dynamodb_table.this",
            "module.lambda_create_item.aws_iam_role.lambda_role",
            "module.lambda_create_item.aws_lambda_function.this",
            "module.lambda_delete_item.aws_iam_role.lambda_role",
            "module.lambda_delete_item.aws_lambda_function.this",
            "module.lambda_get_item.aws_iam_role.lambda_role",
            "module.lambda_get_item.aws_lambda_function.this",
            "module.lambda_list_items.aws_iam_role.lambda_role",
            "module.lambda_list_items.aws_lambda_function.this",
            "module.lambda_update_item.aws_iam_role.lambda_role",
            "module.lambda_update_item.aws_lambda_function.this"
          ],
          "create_before_destroy": true
        }
      ]
    },
    {
      "module": "module.api_gateway",
      "mode": "managed",
      "type": "aws_api_gateway_integration",
      "name": "this",
      "provider": "provider[\"registry.terraform.io/hashicorp/aws\"]",
      "instances": [
        {
          "index_key": "create_item",
          "schema_version": 0,
          "attributes": {
            "cache_key_parameters": [],
            "cache_namespace": "",
            "connection_id": "",
            "connection_type": "INTERNET",
            "content_handling": "",
            "credentials": "",
            "http_method": "POST",
            "id": "agi-383be52d57-a2b945f4-POST",
            "integration_http_method": "POST",
            "integration_target": "",
            "passthrough_behavior": "WHEN_NO_MATCH",
            "region": "us-east-1",
            "request_parameters": {},
            "request_templates": {},
            "resource_id": "a2b945f4",
            "response_transfer_mode": "BUFFERED",
            "rest_api_id": "383be52d57",
            "timeout_milliseconds": 0,
            "tls_config": [],
            "type": "AWS_PROXY",
            "uri": "arn:aws:apigateway:us-east-1:lambda:path/2015-03-31/functions/arn:aws:lambda:us-east-1:000000000000:function:lambda-zerotrust-poc-create-item/invocations"
          },
          "sensitive_attributes": [],
          "identity_schema_version": 0,
          "identity": {
            "account_id": "",
            "http_method": "POST",
            "region": "us-east-1",
            "resource_id": "a2b945f4",
            "rest_api_id": "383be52d57"
          },
          "private": "bnVsbA==",
          "dependencies": [
            "aws_cognito_user_pool.main",
            "module.api_gateway.aws_api_gateway_authorizer.cognito",
            "module.api_gateway.aws_api_gateway_method.this",
            "module.api_gateway.aws_api_gateway_resource.item",
            "module.api_gateway.aws_api_gateway_resource.items",
            "module.api_gateway.aws_api_gateway_rest_api.this",
            "module.dynamodb.aws_dynamodb_table.this",
            "module.lambda_create_item.aws_iam_role.lambda_role",
            "module.lambda_create_item.aws_lambda_function.this",
            "module.lambda_delete_item.aws_iam_role.lambda_role",
            "module.lambda_delete_item.aws_lambda_function.this",
            "module.lambda_get_item.aws_iam_role.lambda_role",
            "module.lambda_get_item.aws_lambda_function.this",
            "module.lambda_list_items.aws_iam_role.lambda_role",
            "module.lambda_list_items.aws_lambda_function.this",
            "module.lambda_update_item.aws_iam_role.lambda_role",
            "module.lambda_update_item.aws_lambda_function.this"
          ],
          "create_before_destroy": true
        },
        {
          "index_key": "delete_item",
          "schema_version": 0,
          "attributes": {
            "cache_key_parameters": [],
            "cache_namespace": "",
            "connection_id": "",
            "connection_type": "INTERNET",
            "content_handling": "",
            "credentials": "",
            "http_method": "DELETE",
            "id": "agi-383be52d57-9d862731-DELETE",
            "integration_http_method": "POST",
            "integration_target": "",
            "passthrough_behavior": "WHEN_NO_MATCH",
            "region": "us-east-1",
            "request_parameters": {},
            "request_templates": {},
            "resource_id": "9d862731",
            "response_transfer_mode": "BUFFERED",
            "rest_api_id": "383be52d57",
            "timeout_milliseconds": 0,
            "tls_config": [],
            "type": "AWS_PROXY",
            "uri": "arn:aws:apigateway:us-east-1:lambda:path/2015-03-31/functions/arn:aws:lambda:us-east-1:000000000000:function:lambda-zerotrust-poc-delete-item/invocations"
          },
          "sensitive_attributes": [],
          "identity_schema_version": 0,
          "identity": {
            "account_id": "",
            "http_method": "DELETE",
            "region": "us-east-1",
            "resource_id": "9d862731",
            "rest_api_id": "383be52d57"
          },
          "private": "bnVsbA==",
          "dependencies": [
            "aws_cognito_user_pool.main",
            "module.api_gateway.aws_api_gateway_authorizer.cognito",
            "module.api_gateway.aws_api_gateway_method.this",
            "module.api_gateway.aws_api_gateway_resource.item",
            "module.api_gateway.aws_api_gateway_resource.items",
            "module.api_gateway.aws_api_gateway_rest_api.this",
            "module.dynamodb.aws_dynamodb_table.this",
            "module.lambda_create_item.aws_iam_role.lambda_role",
            "module.lambda_create_item.aws_lambda_function.this",
            "module.lambda_delete_item.aws_iam_role.lambda_role",
            "module.lambda_delete_item.aws_lambda_function.this",
            "module.lambda_get_item.aws_iam_role.lambda_role",
            "module.lambda_get_item.aws_lambda_function.this",
            "module.lambda_list_items.aws_iam_role.lambda_role",
            "module.lambda_list_items.aws_lambda_function.this",
            "module.lambda_update_item.aws_iam_role.lambda_role",
            "module.lambda_update_item.aws_lambda_function.this"
          ],
          "create_before_destroy": true
        },
        {
          "index_key": "get_item",
          "schema_version": 0,
          "attributes": {
            "cache_key_parameters": [],
            "cache_namespace": "",
            "connection_id": "",
            "connection_type": "INTERNET",
            "content_handling": "",
            "credentials": "",
            "http_method": "GET",
            "id": "agi-383be52d57-9d862731-GET",
            "integration_http_method": "POST",
            "integration_target": "",
            "passthrough_behavior": "WHEN_NO_MATCH",
            "region": "us-east-1",
            "request_parameters": {},
            "request_templates": {},
            "resource_id": "9d862731",
            "response_transfer_mode": "BUFFERED",
            "rest_api_id": "383be52d57",
            "timeout_milliseconds": 0,
            "tls_config": [],
            "type": "AWS_PROXY",
            "uri": "arn:aws:apigateway:us-east-1:lambda:path/2015-03-31/functions/arn:aws:lambda:us-east-1:000000000000:function:lambda-zerotrust-poc-get-item/invocations"
          },
          "sensitive_attributes": [],
          "identity_schema_version": 0,
          "identity": {
            "account_id": "",
            "http_method": "GET",
            "region": "us-east-1",
            "resource_id": "9d862731",
            "rest_api_id": "383be52d57"
          },
          "private": "bnVsbA==",
          "dependencies": [
            "aws_cognito_user_pool.main",
            "module.api_gateway.aws_api_gateway_authorizer.cognito",
            "module.api_gateway.aws_api_gateway_method.this",
            "module.api_gateway.aws_api_gateway_resource.item",
            "module.api_gateway.aws_api_gateway_resource.items",
            "module.api_gateway.aws_api_gateway_rest_api.this",
            "module.dynamodb.aws_dynamodb_table.this",
            "module.lambda_create_item.aws_iam_role.lambda_role",
            "module.lambda_create_item.aws_lambda_function.this",
            "module.lambda_delete_item.aws_iam_role.lambda_role",
            "module.lambda_delete_item.aws_lambda_function.this",
            "module.lambda_get_item.aws_iam_role.lambda_role",
            "module.lambda_get_item.aws_lambda_function.this",
            "module.lambda_list_items.aws_iam_role.lambda_role",
            "module.lambda_list_items.aws_lambda_function.this",
            "module.lambda_update_item.aws_iam_role.lambda_role",
            "module.lambda_update_item.aws_lambda_function.this"
          ],
          "create_before_destroy": true
        },
        {
          "index_key": "list_items",
          "schema_version": 0,
          "attributes": {
            "cache_key_parameters": [],
            "cache_namespace": "",
            "connection_id": "",
            "connection_type": "INTERNET",
            "content_handling": "",
            "credentials": "",
            "http_method": "GET",
            "id": "agi-383be52d57-a2b945f4-GET",
            "integration_http_method": "POST",
            "integration_target": "",
            "passthrough_behavior": "WHEN_NO_MATCH",
            "region": "us-east-1",
            "request_parameters": {},
            "request_templates": {},
            "resource_id": "a2b945f4",
            "response_transfer_mode": "BUFFERED",
            "rest_api_id": "383be52d57",
            "timeout_milliseconds": 0,
            "tls_config": [],
            "type": "AWS_PROXY",
            "uri": "arn:aws:apigateway:us-east-1:lambda:path/2015-03-31/functions/arn:aws:lambda:us-east-1:000000000000:function:lambda-zerotrust-poc-list-items/invocations"
          },
          "sensitive_attributes": [],
          "identity_schema_version": 0,
          "identity": {
            "account_id": "",
            "http_method": "GET",
            "region": "us-east-1",
            "resource_id": "a2b945f4",
            "rest_api_id": "383be52d57"
          },
          "private": "bnVsbA==",
          "dependencies": [
            "aws_cognito_user_pool.main",
            "module.api_gateway.aws_api_gateway_authorizer.cognito",
            "module.api_gateway.aws_api_gateway_method.this",
            "module.api_gateway.aws_api_gateway_resource.item",
            "module.api_gateway.aws_api_gateway_resource.items",
            "module.api_gateway.aws_api_gateway_rest_api.this",
            "module.dynamodb.aws_dynamodb_table.this",
            "module.lambda_create_item.aws_iam_role.lambda_role",
            "module.lambda_create_item.aws_lambda_function.this",
            "module.lambda_delete_item.aws_iam_role.lambda_role",
            "module.lambda_delete_item.aws_lambda_function.this",
            "module.lambda_get_item.aws_iam_role.lambda_role",
            "module.lambda_get_item.aws_lambda_function.this",
            "module.lambda_list_items.aws_iam_role.lambda_role",
            "module.lambda_list_items.aws_lambda_function.this",
            "module.lambda_update_item.aws_iam_role.lambda_role",
            "module.lambda_update_item.aws_lambda_function.this"
          ],
          "create_before_destroy": true
        },
        {
          "index_key": "update_item",
          "schema_version": 0,
          "attributes": {
            "cache_key_parameters": [],
            "cache_namespace": "",
            "connection_id": "",
            "connection_type": "INTERNET",
            "content_handling": "",
            "credentials": "",
            "http_method": "PUT",
            "id": "agi-383be52d57-9d862731-PUT",
            "integration_http_method": "POST",
            "integration_target": "",
            "passthrough_behavior": "WHEN_NO_MATCH",
            "region": "us-east-1",
            "request_parameters": {},
            "request_templates": {},
            "resource_id": "9d862731",
            "response_transfer_mode": "BUFFERED",
            "rest_api_id": "383be52d57",
            "timeout_milliseconds": 0,
            "tls_config": [],
            "type": "AWS_PROXY",
            "uri": "arn:aws:apigateway:us-east-1:lambda:path/2015-03-31/functions/arn:aws:lambda:us-east-1:000000000000:function:lambda-zerotrust-poc-update-item/invocations"
          },
          "sensitive_attributes": [],
          "identity_schema_version": 0,
          "identity": {
            "account_id": "",
            "http_method": "PUT",
            "region": "us-east-1",
            "resource_id": "9d862731",
            "rest_api_id": "383be52d57"
          },
          "private": "bnVsbA==",
          "dependencies": [
            "aws_cognito_user_pool.main",
            "module.api_gateway.aws_api_gateway_authorizer.cognito",
            "module.api_gateway.aws_api_gateway_method.this",
            "module.api_gateway.aws_api_gateway_resource.item",
            "module.api_gateway.aws_api_gateway_resource.items",
            "module.api_gateway.aws_api_gateway_rest_api.this",
            "module.dynamodb.aws_dynamodb_table.this",
            "module.lambda_create_item.aws_iam_role.lambda_role",
            "module.lambda_create_item.aws_lambda_function.this",
            "module.lambda_delete_item.aws_iam_role.lambda_role",
            "module.lambda_delete_item.aws_lambda_function.this",
            "module.lambda_get_item.aws_iam_role.lambda_role",
            "module.lambda_get_item.aws_lambda_function.this",
            "module.lambda_list_items.aws_iam_role.lambda_role",
            "module.lambda_list_items.aws_lambda_function.this",
            "module.lambda_update_item.aws_iam_role.lambda_role",
            "module.lambda_update_item.aws_lambda_function.this"
          ],
          "create_before_destroy": true
        }
      ]
    },
    {
      "module": "module.api_gateway",
      "mode": "managed",
      "type": "aws_api_gateway_method",
      "name": "this",
      "provider": "provider[\"registry.terraform.io/hashicorp/aws\"]",
      "instances": [
        {
          "index_key": "create_item",
          "schema_version": 0,
          "attributes": {
            "api_key_required": false,
            "authorization": "COGNITO_USER_POOLS",
            "authorization_scopes": [],
            "authorizer_id": "8dd874",
            "http_method": "POST",
            "id": "agm-383be52d57-a2b945f4-POST",
            "operation_name": "",
            "region": "us-east-1",
            "request_models": {},
            "request_parameters": {},
            "request_validator_id": "",
            "resource_id": "a2b945f4",
            "rest_api_id": "383be52d57"
          },
          "sensitive_attributes": [],
          "identity_schema_version": 0,
          "identity": {
            "account_id": "",
            "http_method": "POST",
            "region": "us-east-1",
            "resource_id": "a2b945f4",
            "rest_api_id": "383be52d57"
          },
          "private": "bnVsbA==",
          "dependencies": [
            "aws_cognito_user_pool.main",
            "module.api_gateway.aws_api_gateway_authorizer.cognito",
            "module.api_gateway.aws_api_gateway_resource.item",
            "module.api_gateway.aws_api_gateway_resource.items",
            "module.api_gateway.aws_api_gateway_rest_api.this"
          ],
          "create_before_destroy": true
        },
        {
          "index_key": "delete_item",
          "schema_version": 0,
          "attributes": {
            "api_key_required": false,
            "authorization": "COGNITO_USER_POOLS",
            "authorization_scopes": [],
            "authorizer_id": "8dd874",
            "http_method": "DELETE",
            "id": "agm-383be52d57-9d862731-DELETE",
            "operation_name": "",
            "region": "us-east-1",
            "request_models": {},
            "request_parameters": {},
            "request_validator_id": "",
            "resource_id": "9d862731",
            "rest_api_id": "383be52d57"
          },
          "sensitive_attributes": [],
          "identity_schema_version": 0,
          "identity": {
            "account_id": "",
            "http_method": "DELETE",
            "region": "us-east-1",
            "resource_id": "9d862731",
            "rest_api_id": "383be52d57"
          },
          "private": "bnVsbA==",
          "dependencies": [
            "aws_cognito_user_pool.main",
            "module.api_gateway.aws_api_gateway_authorizer.cognito",
            "module.api_gateway.aws_api_gateway_resource.item",
            "module.api_gateway.aws_api_gateway_resource.items",
            "module.api_gateway.aws_api_gateway_rest_api.this"
          ],
          "create_before_destroy": true
        },
        {
          "index_key": "get_item",
          "schema_version": 0,
          "attributes": {
            "api_key_required": false,
            "authorization": "COGNITO_USER_POOLS",
            "authorization_scopes": [],
            "authorizer_id": "8dd874",
            "http_method": "GET",
            "id": "agm-383be52d57-9d862731-GET",
            "operation_name": "",
            "region": "us-east-1",
            "request_models": {},
            "request_parameters": {},
            "request_validator_id": "",
            "resource_id": "9d862731",
            "rest_api_id": "383be52d57"
          },
          "sensitive_attributes": [],
          "identity_schema_version": 0,
          "identity": {
            "account_id": "",
            "http_method": "GET",
            "region": "us-east-1",
            "resource_id": "9d862731",
            "rest_api_id": "383be52d57"
          },
          "private": "bnVsbA==",
          "dependencies": [
            "aws_cognito_user_pool.main",
            "module.api_gateway.aws_api_gateway_authorizer.cognito",
            "module.api_gateway.aws_api_gateway_resource.item",
            "module.api_gateway.aws_api_gateway_resource.items",
            "module.api_gateway.aws_api_gateway_rest_api.this"
          ],
          "create_before_destroy": true
        },
        {
          "index_key": "list_items",
          "schema_version": 0,
          "attributes": {
            "api_key_required": false,
            "authorization": "COGNITO_USER_POOLS",
            "authorization_scopes": [],
            "authorizer_id": "8dd874",
            "http_method": "GET",
            "id": "agm-383be52d57-a2b945f4-GET",
            "operation_name": "",
            "region": "us-east-1",
            "request_models": {},
            "request_parameters": {},
            "request_validator_id": "",
            "resource_id": "a2b945f4",
            "rest_api_id": "383be52d57"
          },
          "sensitive_attributes": [],
          "identity_schema_version": 0,
          "identity": {
            "account_id": "",
            "http_method": "GET",
            "region": "us-east-1",
            "resource_id": "a2b945f4",
            "rest_api_id": "383be52d57"
          },
          "private": "bnVsbA==",
          "dependencies": [
            "aws_cognito_user_pool.main",
            "module.api_gateway.aws_api_gateway_authorizer.cognito",
            "module.api_gateway.aws_api_gateway_resource.item",
            "module.api_gateway.aws_api_gateway_resource.items",
            "module.api_gateway.aws_api_gateway_rest_api.this"
          ],
          "create_before_destroy": true
        },
        {
          "index_key": "update_item",
          "schema_version": 0,
          "attributes": {
            "api_key_required": false,
            "authorization": "COGNITO_USER_POOLS",
            "authorization_scopes": [],
            "authorizer_id": "8dd874",
            "http_method": "PUT",
            "id": "agm-383be52d57-9d862731-PUT",
            "operation_name": "",
            "region": "us-east-1",
            "request_models": {},
            "request_parameters": {},
            "request_validator_id": "",
            "resource_id": "9d862731",
            "rest_api_id": "383be52d57"
          },
          "sensitive_attributes": [],
          "identity_schema_version": 0,
          "identity": {
            "account_id": "",
            "http_method": "PUT",
            "region": "us-east-1",
            "resource_id": "9d862731",
            "rest_api_id": "383be52d57"
          },
          "private": "bnVsbA==",
          "dependencies": [
            "aws_cognito_user_pool.main",
            "module.api_gateway.aws_api_gateway_authorizer.cognito",
            "module.api_gateway.aws_api_gateway_resource.item",
            "module.api_gateway.aws_api_gateway_resource.items",
            "module.api_gateway.aws_api_gateway_rest_api.this"
          ],
          "create_before_destroy": true
        }
      ]
    },
    {
      "module": "module.api_gateway",
      "mode": "managed",
      "type": "aws_api_gateway_resource",
      "name": "item",
      "provider": "provider[\"registry.terraform.io/hashicorp/aws\"]",
      "instances": [
        {
          "schema_version": 0,
          "attributes": {
            "id": "9d862731",
            "parent_id": "a2b945f4",
            "path": "/items/{id}",
            "path_part": "{id}",
            "region": "us-east-1",
            "rest_api_id": "383be52d57"
          },
          "sensitive_attributes": [],
          "identity_schema_version": 0,
          "identity": {
            "account_id": "",
            "id": "9d862731",
            "region": "us-east-1",
            "rest_api_id": "383be52d57"
          },
          "private": "bnVsbA==",
          "dependencies": [
            "module.api_gateway.aws_api_gateway_resource.items",
            "module.api_gateway.aws_api_gateway_rest_api.this"
          ],
          "create_before_destroy": true
        }
      ]
    },
    {
      "module": "module.api_gateway",
      "mode": "managed",
      "type": "aws_api_gateway_resource",
      "name": "items",
      "provider": "provider[\"registry.terraform.io/hashicorp/aws\"]",
      "instances": [
        {
          "schema_version": 0,
          "attributes": {
            "id": "a2b945f4",
            "parent_id": "955b1b3f",
            "path": "/items",
            "path_part": "items",
            "region": "us-east-1",
            "rest_api_id": "383be52d57"
          },
          "sensitive_attributes": [],
          "identity_schema_version": 0,
          "identity": {
            "account_id": "",
            "id": "a2b945f4",
            "region": "us-east-1",
            "rest_api_id": "383be52d57"
          },
          "private": "bnVsbA==",
          "dependencies": [
            "module.api_gateway.aws_api_gateway_rest_api.this"
          ],
          "create_before_destroy": true
        }
      ]
    },
    {
      "module": "module.api_gateway",
      "mode": "managed",
      "type": "aws_api_gateway_rest_api",
      "name": "this",
      "provider": "provider[\"registry.terraform.io/hashicorp/aws\"]",
      "instances": [
        {
          "schema_version": 0,
          "attributes": {
            "api_key_source": "",
            "arn": "arn:aws:apigateway:us-east-1::/restapis/383be52d57",
            "binary_media_types": [],
            "body": null,
            "created_date": "2026-07-17T14:54:08Z",
            "description": "",
            "disable_execute_api_endpoint": false,
            "endpoint_access_mode": "",
            "endpoint_configuration": [
              {
                "ip_address_type": "",
                "types": [
                  "REGIONAL"
                ],
                "vpc_endpoint_ids": []
              }
            ],
            "execution_arn": "arn:aws:execute-api:us-east-1::383be52d57",
            "fail_on_warnings": null,
            "id": "383be52d57",
            "minimum_compression_size": "",
            "name": "lambda-zerotrust-poc-api",
            "parameters": null,
            "policy": "",
            "put_rest_api_mode": null,
            "region": "us-east-1",
            "root_resource_id": "955b1b3f",
            "security_policy": "",
            "tags": {
              "Environment": "dev",
              "Project": "lambda-zerotrust-poc"
            },
            "tags_all": {
              "Environment": "dev",
              "Project": "lambda-zerotrust-poc"
            }
          },
          "sensitive_attributes": [],
          "identity_schema_version": 0,
          "identity": {
            "account_id": "",
            "id": "383be52d57",
            "region": "us-east-1"
          },
          "private": "bnVsbA==",
          "create_before_destroy": true
        }
      ]
    },
    {
      "module": "module.api_gateway",
      "mode": "managed",
      "type": "aws_api_gateway_stage",
      "name": "this",
      "provider": "provider[\"registry.terraform.io/hashicorp/aws\"]",
      "instances": [
        {
          "schema_version": 0,
          "attributes": {
            "access_log_settings": [],
            "arn": "arn:aws:apigateway:us-east-1::/restapis/383be52d57/stages/dev",
            "cache_cluster_enabled": false,
            "cache_cluster_size": "",
            "canary_settings": [],
            "client_certificate_id": "",
            "deployment_id": "daaa7871de",
            "description": "",
            "documentation_version": "",
            "execution_arn": "arn:aws:execute-api:us-east-1::383be52d57/dev",
            "id": "ags-383be52d57-dev",
            "invoke_url": "https://383be52d57.execute-api.us-east-1.amazonaws.com/dev",
            "region": "us-east-1",
            "rest_api_id": "383be52d57",
            "stage_name": "dev",
            "tags": {},
            "tags_all": {},
            "variables": {},
            "web_acl_arn": "",
            "xray_tracing_enabled": false
          },
          "sensitive_attributes": [],
          "identity_schema_version": 0,
          "private": "bnVsbA==",
          "dependencies": [
            "aws_cognito_user_pool.main",
            "module.api_gateway.aws_api_gateway_authorizer.cognito",
            "module.api_gateway.aws_api_gateway_deployment.this",
            "module.api_gateway.aws_api_gateway_integration.this",
            "module.api_gateway.aws_api_gateway_method.this",
            "module.api_gateway.aws_api_gateway_resource.item",
            "module.api_gateway.aws_api_gateway_resource.items",
            "module.api_gateway.aws_api_gateway_rest_api.this",
            "module.dynamodb.aws_dynamodb_table.this",
            "module.lambda_create_item.aws_iam_role.lambda_role",
            "module.lambda_create_item.aws_lambda_function.this",
            "module.lambda_delete_item.aws_iam_role.lambda_role",
            "module.lambda_delete_item.aws_lambda_function.this",
            "module.lambda_get_item.aws_iam_role.lambda_role",
            "module.lambda_get_item.aws_lambda_function.this",
            "module.lambda_list_items.aws_iam_role.lambda_role",
            "module.lambda_list_items.aws_lambda_function.this",
            "module.lambda_update_item.aws_iam_role.lambda_role",
            "module.lambda_update_item.aws_lambda_function.this"
          ]
        }
      ]
    },
    {
      "module": "module.dynamodb",
      "mode": "managed",
      "type": "aws_dynamodb_table",
      "name": "this",
      "provider": "provider[\"registry.terraform.io/hashicorp/aws\"]",
      "instances": [
        {
          "schema_version": 1,
          "attributes": {
            "arn": "arn:aws:dynamodb:us-east-1:000000000000:table/lambda-zerotrust-poc-items",
            "attribute": [
              {
                "name": "PK",
                "type": "S"
              },
              {
                "name": "SK",
                "type": "S"
              }
            ],
            "billing_mode": "PAY_PER_REQUEST",
            "deletion_protection_enabled": false,
            "global_secondary_index": [],
            "global_table_witness": [],
            "hash_key": "PK",
            "id": "lambda-zerotrust-poc-items",
            "import_table": [],
            "local_secondary_index": [],
            "name": "lambda-zerotrust-poc-items",
            "on_demand_throughput": [],
            "point_in_time_recovery": [
              {
                "enabled": false,
                "recovery_period_in_days": 0
              }
            ],
            "range_key": "SK",
            "read_capacity": 0,
            "region": "us-east-1",
            "replica": [],
            "restore_backup_arn": null,
            "restore_date_time": null,
            "restore_source_name": null,
            "restore_source_table_arn": null,
            "restore_to_latest_time": null,
            "server_side_encryption": [],
            "stream_arn": "",
            "stream_enabled": false,
            "stream_label": "",
            "stream_view_type": "",
            "table_class": "STANDARD",
            "tags": {
              "Environment": "dev",
              "Project": "lambda-zerotrust-poc"
            },
            "tags_all": {
              "Environment": "dev",
              "Project": "lambda-zerotrust-poc"
            },
            "timeouts": null,
            "ttl": [
              {
                "attribute_name": "expires_at",
                "enabled": true
              }
            ],
            "warm_throughput": [],
            "write_capacity": 0
          },
          "sensitive_attributes": [],
          "identity_schema_version": 0,
          "identity": {
            "account_id": "",
            "name": "lambda-zerotrust-poc-items",
            "region": "us-east-1"
          },
          "private": "eyJlMmJmYjczMC1lY2FhLTExZTYtOGY4OC0zNDM2M2JjN2M0YzAiOnsiY3JlYXRlIjoxODAwMDAwMDAwMDAwLCJkZWxldGUiOjYwMDAwMDAwMDAwMCwidXBkYXRlIjozNjAwMDAwMDAwMDAwfSwic2NoZW1hX3ZlcnNpb24iOiIxIn0=",
          "create_before_destroy": true
        }
      ]
    },
    {
      "module": "module.lambda_create_item",
      "mode": "managed",
      "type": "aws_iam_role",
      "name": "lambda_role",
      "provider": "provider[\"registry.terraform.io/hashicorp/aws\"]",
      "instances": [
        {
          "schema_version": 0,
          "attributes": {
            "arn": "arn:aws:iam::000000000000:role/lambda-zerotrust-poc-create-item-role",
            "assume_role_policy": "{\"Statement\":[{\"Action\":\"sts:AssumeRole\",\"Effect\":\"Allow\",\"Principal\":{\"Service\":\"lambda.amazonaws.com\"}}],\"Version\":\"2012-10-17\"}",
            "create_date": "2026-07-17T14:54:08Z",
            "description": "",
            "force_detach_policies": false,
            "id": "lambda-zerotrust-poc-create-item-role",
            "inline_policy": [
              {
                "name": "lambda-zerotrust-poc-create-item-custom",
                "policy": "{\"Version\":\"2012-10-17\",\"Statement\":[{\"Action\":[\"dynamodb:PutItem\"],\"Effect\":\"Allow\",\"Resource\":[\"arn:aws:dynamodb:us-east-1:000000000000:table/lambda-zerotrust-poc-items\"]}]}"
              }
            ],
            "managed_policy_arns": [
              "arn:aws:iam::aws:policy/AWSXRayDaemonWriteAccess",
              "arn:aws:iam::aws:policy/service-role/AWSLambdaBasicExecutionRole"
            ],
            "max_session_duration": 3600,
            "name": "lambda-zerotrust-poc-create-item-role",
            "name_prefix": "",
            "path": "/",
            "permissions_boundary": "",
            "tags": {},
            "tags_all": {},
            "unique_id": "AROABAZMVVZFNM33HZ3Z"
          },
          "sensitive_attributes": [],
          "identity_schema_version": 0,
          "identity": {
            "account_id": "",
            "name": "lambda-zerotrust-poc-create-item-role"
          },
          "private": "bnVsbA==",
          "create_before_destroy": true
        }
      ]
    },
    {
      "module": "module.lambda_create_item",
      "mode": "managed",
      "type": "aws_iam_role_policy",
      "name": "custom",
      "provider": "provider[\"registry.terraform.io/hashicorp/aws\"]",
      "instances": [
        {
          "index_key": 0,
          "schema_version": 0,
          "attributes": {
            "id": "lambda-zerotrust-poc-create-item-role:lambda-zerotrust-poc-create-item-custom",
            "name": "lambda-zerotrust-poc-create-item-custom",
            "name_prefix": "",
            "policy": "{\"Version\":\"2012-10-17\",\"Statement\":[{\"Action\":[\"dynamodb:PutItem\"],\"Effect\":\"Allow\",\"Resource\":[\"arn:aws:dynamodb:us-east-1:000000000000:table/lambda-zerotrust-poc-items\"]}]}",
            "role": "lambda-zerotrust-poc-create-item-role"
          },
          "sensitive_attributes": [],
          "identity_schema_version": 0,
          "identity": {
            "account_id": "",
            "name": "lambda-zerotrust-poc-create-item-custom",
            "role": "lambda-zerotrust-poc-create-item-role"
          },
          "private": "bnVsbA==",
          "dependencies": [
            "module.dynamodb.aws_dynamodb_table.this",
            "module.lambda_create_item.aws_iam_role.lambda_role"
          ]
        }
      ]
    },
    {
      "module": "module.lambda_create_item",
      "mode": "managed",
      "type": "aws_iam_role_policy_attachment",
      "name": "basic_execution",
      "provider": "provider[\"registry.terraform.io/hashicorp/aws\"]",
      "instances": [
        {
          "schema_version": 0,
          "attributes": {
            "id": "lambda-zerotrust-poc-create-item-role/arn:aws:iam::aws:policy/service-role/AWSLambdaBasicExecutionRole",
            "policy_arn": "arn:aws:iam::aws:policy/service-role/AWSLambdaBasicExecutionRole",
            "role": "lambda-zerotrust-poc-create-item-role"
          },
          "sensitive_attributes": [],
          "identity_schema_version": 0,
          "identity": {
            "account_id": "",
            "policy_arn": "arn:aws:iam::aws:policy/service-role/AWSLambdaBasicExecutionRole",
            "role": "lambda-zerotrust-poc-create-item-role"
          },
          "private": "bnVsbA==",
          "dependencies": [
            "module.lambda_create_item.aws_iam_role.lambda_role"
          ]
        }
      ]
    },
    {
      "module": "module.lambda_create_item",
      "mode": "managed",
      "type": "aws_iam_role_policy_attachment",
      "name": "xray",
      "provider": "provider[\"registry.terraform.io/hashicorp/aws\"]",
      "instances": [
        {
          "schema_version": 0,
          "attributes": {
            "id": "lambda-zerotrust-poc-create-item-role/arn:aws:iam::aws:policy/AWSXRayDaemonWriteAccess",
            "policy_arn": "arn:aws:iam::aws:policy/AWSXRayDaemonWriteAccess",
            "role": "lambda-zerotrust-poc-create-item-role"
          },
          "sensitive_attributes": [],
          "identity_schema_version": 0,
          "identity": {
            "account_id": "",
            "policy_arn": "arn:aws:iam::aws:policy/AWSXRayDaemonWriteAccess",
            "role": "lambda-zerotrust-poc-create-item-role"
          },
          "private": "bnVsbA==",
          "dependencies": [
            "module.lambda_create_item.aws_iam_role.lambda_role"
          ]
        }
      ]
    },
    {
      "module": "module.lambda_create_item",
      "mode": "managed",
      "type": "aws_lambda_function",
      "name": "this",
      "provider": "provider[\"registry.terraform.io/hashicorp/aws\"]",
      "instances": [
        {
          "schema_version": 0,
          "attributes": {
            "architectures": [
              "x86_64"
            ],
            "arn": "arn:aws:lambda:us-east-1:000000000000:function:lambda-zerotrust-poc-create-item",
            "capacity_provider_config": [],
            "code_sha256": "E04o0ulnCz6Jnn9G80eLy8IuPKOIi6U+ZQjuo/7ZGIw=",
            "code_signing_config_arn": "",
            "dead_letter_config": [],
            "description": "",
            "durable_config": [],
            "environment": [
              {
                "variables": {
                  "AWS_REGION": "us-east-1",
                  "DYNAMODB_TABLE_NAME": "lambda-zerotrust-poc-items",
                  "LOG_LEVEL": "INFO",
                  "POWERTOOLS_METRICS_NAMESPACE": "LambdaZeroTrustPOC",
                  "POWERTOOLS_SERVICE_NAME": "lambda-zerotrust-poc-create-item"
                }
              }
            ],
            "ephemeral_storage": [
              {
                "size": 512
              }
            ],
            "file_system_config": [],
            "filename": "./../.build/lambdas/create_item.zip",
            "function_name": "lambda-zerotrust-poc-create-item",
            "handler": "create_item.lambda_handler",
            "id": "lambda-zerotrust-poc-create-item",
            "image_config": [],
            "image_uri": "",
            "invoke_arn": "arn:aws:apigateway:us-east-1:lambda:path/2015-03-31/functions/arn:aws:lambda:us-east-1:000000000000:function:lambda-zerotrust-poc-create-item/invocations",
            "kms_key_arn": "",
            "last_modified": "2026-07-17T16:51:37.617+0000",
            "layers": [],
            "logging_config": [],
            "memory_size": 256,
            "package_type": "Zip",
            "publish": false,
            "publish_to": null,
            "qualified_arn": "arn:aws:lambda:us-east-1:000000000000:function:lambda-zerotrust-poc-create-item",
            "qualified_invoke_arn": "arn:aws:apigateway:us-east-1:lambda:path/2015-03-31/functions/arn:aws:lambda:us-east-1:000000000000:function:lambda-zerotrust-poc-create-item/invocations",
            "region": "us-east-1",
            "replace_security_groups_on_destroy": null,
            "replacement_security_group_ids": null,
            "reserved_concurrent_executions": -1,
            "response_streaming_invoke_arn": "arn:aws:apigateway:us-east-1:lambda:path/2021-11-15/functions/arn:aws:lambda:us-east-1:000000000000:function:lambda-zerotrust-poc-create-item/response-streaming-invocations",
            "role": "arn:aws:iam::000000000000:role/lambda-zerotrust-poc-create-item-role",
            "runtime": "python3.13",
            "s3_bucket": null,
            "s3_key": null,
            "s3_object_version": null,
            "signing_job_arn": "",
            "signing_profile_version_arn": "",
            "skip_destroy": false,
            "snap_start": [],
            "source_code_hash": "E04o0ulnCz6Jnn9G80eLy8IuPKOIi6U+ZQjuo/7ZGIw=",
            "source_code_size": 22281743,
            "source_kms_key_arn": "",
            "tags": {},
            "tags_all": {},
            "tenancy_config": [],
            "timeout": 10,
            "timeouts": null,
            "tracing_config": [
              {
                "mode": "Active"
              }
            ],
            "use_resource_timeout_for_propagation": null,
            "version": "$LATEST",
            "vpc_config": []
          },
          "sensitive_attributes": [],
          "identity_schema_version": 0,
          "identity": {
            "account_id": "",
            "function_name": "lambda-zerotrust-poc-create-item",
            "region": "us-east-1"
          },
          "private": "eyJlMmJmYjczMC1lY2FhLTExZTYtOGY4OC0zNDM2M2JjN2M0YzAiOnsiY3JlYXRlIjo2MDAwMDAwMDAwMDAsImRlbGV0ZSI6NjAwMDAwMDAwMDAwLCJ1cGRhdGUiOjYwMDAwMDAwMDAwMH19",
          "dependencies": [
            "module.dynamodb.aws_dynamodb_table.this",
            "module.lambda_create_item.aws_iam_role.lambda_role"
          ],
          "create_before_destroy": true
        }
      ]
    },
    {
      "module": "module.lambda_delete_item",
      "mode": "managed",
      "type": "aws_iam_role",
      "name": "lambda_role",
      "provider": "provider[\"registry.terraform.io/hashicorp/aws\"]",
      "instances": [
        {
          "schema_version": 0,
          "attributes": {
            "arn": "arn:aws:iam::000000000000:role/lambda-zerotrust-poc-delete-item-role",
            "assume_role_policy": "{\"Statement\":[{\"Action\":\"sts:AssumeRole\",\"Effect\":\"Allow\",\"Principal\":{\"Service\":\"lambda.amazonaws.com\"}}],\"Version\":\"2012-10-17\"}",
            "create_date": "2026-07-17T14:54:08Z",
            "description": "",
            "force_detach_policies": false,
            "id": "lambda-zerotrust-poc-delete-item-role",
            "inline_policy": [
              {
                "name": "lambda-zerotrust-poc-delete-item-custom",
                "policy": "{\"Version\":\"2012-10-17\",\"Statement\":[{\"Action\":[\"dynamodb:DeleteItem\"],\"Effect\":\"Allow\",\"Resource\":[\"arn:aws:dynamodb:us-east-1:000000000000:table/lambda-zerotrust-poc-items\"]}]}"
              }
            ],
            "managed_policy_arns": [
              "arn:aws:iam::aws:policy/AWSXRayDaemonWriteAccess",
              "arn:aws:iam::aws:policy/service-role/AWSLambdaBasicExecutionRole"
            ],
            "max_session_duration": 3600,
            "name": "lambda-zerotrust-poc-delete-item-role",
            "name_prefix": "",
            "path": "/",
            "permissions_boundary": "",
            "tags": {},
            "tags_all": {},
            "unique_id": "AROAAE98TNUMTOAY3Y5Q"
          },
          "sensitive_attributes": [],
          "identity_schema_version": 0,
          "identity": {
            "account_id": "",
            "name": "lambda-zerotrust-poc-delete-item-role"
          },
          "private": "bnVsbA==",
          "create_before_destroy": true
        }
      ]
    },
    {
      "module": "module.lambda_delete_item",
      "mode": "managed",
      "type": "aws_iam_role_policy",
      "name": "custom",
      "provider": "provider[\"registry.terraform.io/hashicorp/aws\"]",
      "instances": [
        {
          "index_key": 0,
          "schema_version": 0,
          "attributes": {
            "id": "lambda-zerotrust-poc-delete-item-role:lambda-zerotrust-poc-delete-item-custom",
            "name": "lambda-zerotrust-poc-delete-item-custom",
            "name_prefix": "",
            "policy": "{\"Version\":\"2012-10-17\",\"Statement\":[{\"Action\":[\"dynamodb:DeleteItem\"],\"Effect\":\"Allow\",\"Resource\":[\"arn:aws:dynamodb:us-east-1:000000000000:table/lambda-zerotrust-poc-items\"]}]}",
            "role": "lambda-zerotrust-poc-delete-item-role"
          },
          "sensitive_attributes": [],
          "identity_schema_version": 0,
          "identity": {
            "account_id": "",
            "name": "lambda-zerotrust-poc-delete-item-custom",
            "role": "lambda-zerotrust-poc-delete-item-role"
          },
          "private": "bnVsbA==",
          "dependencies": [
            "module.dynamodb.aws_dynamodb_table.this",
            "module.lambda_delete_item.aws_iam_role.lambda_role"
          ]
        }
      ]
    },
    {
      "module": "module.lambda_delete_item",
      "mode": "managed",
      "type": "aws_iam_role_policy_attachment",
      "name": "basic_execution",
      "provider": "provider[\"registry.terraform.io/hashicorp/aws\"]",
      "instances": [
        {
          "schema_version": 0,
          "attributes": {
            "id": "lambda-zerotrust-poc-delete-item-role/arn:aws:iam::aws:policy/service-role/AWSLambdaBasicExecutionRole",
            "policy_arn": "arn:aws:iam::aws:policy/service-role/AWSLambdaBasicExecutionRole",
            "role": "lambda-zerotrust-poc-delete-item-role"
          },
          "sensitive_attributes": [],
          "identity_schema_version": 0,
          "identity": {
            "account_id": "",
            "policy_arn": "arn:aws:iam::aws:policy/service-role/AWSLambdaBasicExecutionRole",
            "role": "lambda-zerotrust-poc-delete-item-role"
          },
          "private": "bnVsbA==",
          "dependencies": [
            "module.lambda_delete_item.aws_iam_role.lambda_role"
          ]
        }
      ]
    },
    {
      "module": "module.lambda_delete_item",
      "mode": "managed",
      "type": "aws_iam_role_policy_attachment",
      "name": "xray",
      "provider": "provider[\"registry.terraform.io/hashicorp/aws\"]",
      "instances": [
        {
          "schema_version": 0,
          "attributes": {
            "id": "lambda-zerotrust-poc-delete-item-role/arn:aws:iam::aws:policy/AWSXRayDaemonWriteAccess",
            "policy_arn": "arn:aws:iam::aws:policy/AWSXRayDaemonWriteAccess",
            "role": "lambda-zerotrust-poc-delete-item-role"
          },
          "sensitive_attributes": [],
          "identity_schema_version": 0,
          "identity": {
            "account_id": "",
            "policy_arn": "arn:aws:iam::aws:policy/AWSXRayDaemonWriteAccess",
            "role": "lambda-zerotrust-poc-delete-item-role"
          },
          "private": "bnVsbA==",
          "dependencies": [
            "module.lambda_delete_item.aws_iam_role.lambda_role"
          ]
        }
      ]
    },
    {
      "module": "module.lambda_delete_item",
      "mode": "managed",
      "type": "aws_lambda_function",
      "name": "this",
      "provider": "provider[\"registry.terraform.io/hashicorp/aws\"]",
      "instances": [
        {
          "schema_version": 0,
          "attributes": {
            "architectures": [
              "x86_64"
            ],
            "arn": "arn:aws:lambda:us-east-1:000000000000:function:lambda-zerotrust-poc-delete-item",
            "capacity_provider_config": [],
            "code_sha256": "qcvFdaJXoLJQhqXMuI2w3aNrxfk6bds04/LVGnRPqPI=",
            "code_signing_config_arn": "",
            "dead_letter_config": [],
            "description": "",
            "durable_config": [],
            "environment": [
              {
                "variables": {
                  "AWS_REGION": "us-east-1",
                  "DYNAMODB_TABLE_NAME": "lambda-zerotrust-poc-items",
                  "LOG_LEVEL": "INFO",
                  "POWERTOOLS_METRICS_NAMESPACE": "LambdaZeroTrustPOC",
                  "POWERTOOLS_SERVICE_NAME": "lambda-zerotrust-poc-delete-item"
                }
              }
            ],
            "ephemeral_storage": [
              {
                "size": 512
              }
            ],
            "file_system_config": [],
            "filename": "./../.build/lambdas/delete_item.zip",
            "function_name": "lambda-zerotrust-poc-delete-item",
            "handler": "delete_item.lambda_handler",
            "id": "lambda-zerotrust-poc-delete-item",
            "image_config": [],
            "image_uri": "",
            "invoke_arn": "arn:aws:apigateway:us-east-1:lambda:path/2015-03-31/functions/arn:aws:lambda:us-east-1:000000000000:function:lambda-zerotrust-poc-delete-item/invocations",
            "kms_key_arn": "",
            "last_modified": "2026-07-17T16:51:23.418+0000",
            "layers": [],
            "logging_config": [],
            "memory_size": 256,
            "package_type": "Zip",
            "publish": false,
            "publish_to": null,
            "qualified_arn": "arn:aws:lambda:us-east-1:000000000000:function:lambda-zerotrust-poc-delete-item",
            "qualified_invoke_arn": "arn:aws:apigateway:us-east-1:lambda:path/2015-03-31/functions/arn:aws:lambda:us-east-1:000000000000:function:lambda-zerotrust-poc-delete-item/invocations",
            "region": "us-east-1",
            "replace_security_groups_on_destroy": null,
            "replacement_security_group_ids": null,
            "reserved_concurrent_executions": -1,
            "response_streaming_invoke_arn": "arn:aws:apigateway:us-east-1:lambda:path/2021-11-15/functions/arn:aws:lambda:us-east-1:000000000000:function:lambda-zerotrust-poc-delete-item/response-streaming-invocations",
            "role": "arn:aws:iam::000000000000:role/lambda-zerotrust-poc-delete-item-role",
            "runtime": "python3.13",
            "s3_bucket": null,
            "s3_key": null,
            "s3_object_version": null,
            "signing_job_arn": "",
            "signing_profile_version_arn": "",
            "skip_destroy": false,
            "snap_start": [],
            "source_code_hash": "qcvFdaJXoLJQhqXMuI2w3aNrxfk6bds04/LVGnRPqPI=",
            "source_code_size": 22281743,
            "source_kms_key_arn": "",
            "tags": {},
            "tags_all": {},
            "tenancy_config": [],
            "timeout": 10,
            "timeouts": null,
            "tracing_config": [
              {
                "mode": "Active"
              }
            ],
            "use_resource_timeout_for_propagation": null,
            "version": "$LATEST",
            "vpc_config": []
          },
          "sensitive_attributes": [],
          "identity_schema_version": 0,
          "identity": {
            "account_id": "",
            "function_name": "lambda-zerotrust-poc-delete-item",
            "region": "us-east-1"
          },
          "private": "eyJlMmJmYjczMC1lY2FhLTExZTYtOGY4OC0zNDM2M2JjN2M0YzAiOnsiY3JlYXRlIjo2MDAwMDAwMDAwMDAsImRlbGV0ZSI6NjAwMDAwMDAwMDAwLCJ1cGRhdGUiOjYwMDAwMDAwMDAwMH19",
          "dependencies": [
            "module.dynamodb.aws_dynamodb_table.this",
            "module.lambda_delete_item.aws_iam_role.lambda_role"
          ],
          "create_before_destroy": true
        }
      ]
    },
    {
      "module": "module.lambda_get_item",
      "mode": "managed",
      "type": "aws_iam_role",
      "name": "lambda_role",
      "provider": "provider[\"registry.terraform.io/hashicorp/aws\"]",
      "instances": [
        {
          "schema_version": 0,
          "attributes": {
            "arn": "arn:aws:iam::000000000000:role/lambda-zerotrust-poc-get-item-role",
            "assume_role_policy": "{\"Statement\":[{\"Action\":\"sts:AssumeRole\",\"Effect\":\"Allow\",\"Principal\":{\"Service\":\"lambda.amazonaws.com\"}}],\"Version\":\"2012-10-17\"}",
            "create_date": "2026-07-17T14:54:08Z",
            "description": "",
            "force_detach_policies": false,
            "id": "lambda-zerotrust-poc-get-item-role",
            "inline_policy": [
              {
                "name": "lambda-zerotrust-poc-get-item-custom",
                "policy": "{\"Version\":\"2012-10-17\",\"Statement\":[{\"Action\":[\"dynamodb:GetItem\"],\"Effect\":\"Allow\",\"Resource\":[\"arn:aws:dynamodb:us-east-1:000000000000:table/lambda-zerotrust-poc-items\"]}]}"
              }
            ],
            "managed_policy_arns": [
              "arn:aws:iam::aws:policy/AWSXRayDaemonWriteAccess",
              "arn:aws:iam::aws:policy/service-role/AWSLambdaBasicExecutionRole"
            ],
            "max_session_duration": 3600,
            "name": "lambda-zerotrust-poc-get-item-role",
            "name_prefix": "",
            "path": "/",
            "permissions_boundary": "",
            "tags": {},
            "tags_all": {},
            "unique_id": "AROA9RZF7XNY7OG777CK"
          },
          "sensitive_attributes": [],
          "identity_schema_version": 0,
          "identity": {
            "account_id": "",
            "name": "lambda-zerotrust-poc-get-item-role"
          },
          "private": "bnVsbA==",
          "create_before_destroy": true
        }
      ]
    },
    {
      "module": "module.lambda_get_item",
      "mode": "managed",
      "type": "aws_iam_role_policy",
      "name": "custom",
      "provider": "provider[\"registry.terraform.io/hashicorp/aws\"]",
      "instances": [
        {
          "index_key": 0,
          "schema_version": 0,
          "attributes": {
            "id": "lambda-zerotrust-poc-get-item-role:lambda-zerotrust-poc-get-item-custom",
            "name": "lambda-zerotrust-poc-get-item-custom",
            "name_prefix": "",
            "policy": "{\"Version\":\"2012-10-17\",\"Statement\":[{\"Action\":[\"dynamodb:GetItem\"],\"Effect\":\"Allow\",\"Resource\":[\"arn:aws:dynamodb:us-east-1:000000000000:table/lambda-zerotrust-poc-items\"]}]}",
            "role": "lambda-zerotrust-poc-get-item-role"
          },
          "sensitive_attributes": [],
          "identity_schema_version": 0,
          "identity": {
            "account_id": "",
            "name": "lambda-zerotrust-poc-get-item-custom",
            "role": "lambda-zerotrust-poc-get-item-role"
          },
          "private": "bnVsbA==",
          "dependencies": [
            "module.dynamodb.aws_dynamodb_table.this",
            "module.lambda_get_item.aws_iam_role.lambda_role"
          ]
        }
      ]
    },
    {
      "module": "module.lambda_get_item",
      "mode": "managed",
      "type": "aws_iam_role_policy_attachment",
      "name": "basic_execution",
      "provider": "provider[\"registry.terraform.io/hashicorp/aws\"]",
      "instances": [
        {
          "schema_version": 0,
          "attributes": {
            "id": "lambda-zerotrust-poc-get-item-role/arn:aws:iam::aws:policy/service-role/AWSLambdaBasicExecutionRole",
            "policy_arn": "arn:aws:iam::aws:policy/service-role/AWSLambdaBasicExecutionRole",
            "role": "lambda-zerotrust-poc-get-item-role"
          },
          "sensitive_attributes": [],
          "identity_schema_version": 0,
          "identity": {
            "account_id": "",
            "policy_arn": "arn:aws:iam::aws:policy/service-role/AWSLambdaBasicExecutionRole",
            "role": "lambda-zerotrust-poc-get-item-role"
          },
          "private": "bnVsbA==",
          "dependencies": [
            "module.lambda_get_item.aws_iam_role.lambda_role"
          ]
        }
      ]
    },
    {
      "module": "module.lambda_get_item",
      "mode": "managed",
      "type": "aws_iam_role_policy_attachment",
      "name": "xray",
      "provider": "provider[\"registry.terraform.io/hashicorp/aws\"]",
      "instances": [
        {
          "schema_version": 0,
          "attributes": {
            "id": "lambda-zerotrust-poc-get-item-role/arn:aws:iam::aws:policy/AWSXRayDaemonWriteAccess",
            "policy_arn": "arn:aws:iam::aws:policy/AWSXRayDaemonWriteAccess",
            "role": "lambda-zerotrust-poc-get-item-role"
          },
          "sensitive_attributes": [],
          "identity_schema_version": 0,
          "identity": {
            "account_id": "",
            "policy_arn": "arn:aws:iam::aws:policy/AWSXRayDaemonWriteAccess",
            "role": "lambda-zerotrust-poc-get-item-role"
          },
          "private": "bnVsbA==",
          "dependencies": [
            "module.lambda_get_item.aws_iam_role.lambda_role"
          ]
        }
      ]
    },
    {
      "module": "module.lambda_get_item",
      "mode": "managed",
      "type": "aws_lambda_function",
      "name": "this",
      "provider": "provider[\"registry.terraform.io/hashicorp/aws\"]",
      "instances": [
        {
          "schema_version": 0,
          "attributes": {
            "architectures": [
              "x86_64"
            ],
            "arn": "arn:aws:lambda:us-east-1:000000000000:function:lambda-zerotrust-poc-get-item",
            "capacity_provider_config": [],
            "code_sha256": "dm8L5872pwTR+7wYIG6/tfpuLGi5XJUbnvDhNxBSAYQ=",
            "code_signing_config_arn": "",
            "dead_letter_config": [],
            "description": "",
            "durable_config": [],
            "environment": [
              {
                "variables": {
                  "AWS_REGION": "us-east-1",
                  "DYNAMODB_TABLE_NAME": "lambda-zerotrust-poc-items",
                  "LOG_LEVEL": "INFO",
                  "POWERTOOLS_METRICS_NAMESPACE": "LambdaZeroTrustPOC",
                  "POWERTOOLS_SERVICE_NAME": "lambda-zerotrust-poc-get-item"
                }
              }
            ],
            "ephemeral_storage": [
              {
                "size": 512
              }
            ],
            "file_system_config": [],
            "filename": "./../.build/lambdas/get_item.zip",
            "function_name": "lambda-zerotrust-poc-get-item",
            "handler": "get_item.lambda_handler",
            "id": "lambda-zerotrust-poc-get-item",
            "image_config": [],
            "image_uri": "",
            "invoke_arn": "arn:aws:apigateway:us-east-1:lambda:path/2015-03-31/functions/arn:aws:lambda:us-east-1:000000000000:function:lambda-zerotrust-poc-get-item/invocations",
            "kms_key_arn": "",
            "last_modified": "2026-07-17T16:51:44.520+0000",
            "layers": [],
            "logging_config": [],
            "memory_size": 256,
            "package_type": "Zip",
            "publish": false,
            "publish_to": null,
            "qualified_arn": "arn:aws:lambda:us-east-1:000000000000:function:lambda-zerotrust-poc-get-item",
            "qualified_invoke_arn": "arn:aws:apigateway:us-east-1:lambda:path/2015-03-31/functions/arn:aws:lambda:us-east-1:000000000000:function:lambda-zerotrust-poc-get-item/invocations",
            "region": "us-east-1",
            "replace_security_groups_on_destroy": null,
            "replacement_security_group_ids": null,
            "reserved_concurrent_executions": -1,
            "response_streaming_invoke_arn": "arn:aws:apigateway:us-east-1:lambda:path/2021-11-15/functions/arn:aws:lambda:us-east-1:000000000000:function:lambda-zerotrust-poc-get-item/response-streaming-invocations",
            "role": "arn:aws:iam::000000000000:role/lambda-zerotrust-poc-get-item-role",
            "runtime": "python3.13",
            "s3_bucket": null,
            "s3_key": null,
            "s3_object_version": null,
            "signing_job_arn": "",
            "signing_profile_version_arn": "",
            "skip_destroy": false,
            "snap_start": [],
            "source_code_hash": "dm8L5872pwTR+7wYIG6/tfpuLGi5XJUbnvDhNxBSAYQ=",
            "source_code_size": 22281735,
            "source_kms_key_arn": "",
            "tags": {},
            "tags_all": {},
            "tenancy_config": [],
            "timeout": 10,
            "timeouts": null,
            "tracing_config": [
              {
                "mode": "Active"
              }
            ],
            "use_resource_timeout_for_propagation": null,
            "version": "$LATEST",
            "vpc_config": []
          },
          "sensitive_attributes": [],
          "identity_schema_version": 0,
          "identity": {
            "account_id": "",
            "function_name": "lambda-zerotrust-poc-get-item",
            "region": "us-east-1"
          },
          "private": "eyJlMmJmYjczMC1lY2FhLTExZTYtOGY4OC0zNDM2M2JjN2M0YzAiOnsiY3JlYXRlIjo2MDAwMDAwMDAwMDAsImRlbGV0ZSI6NjAwMDAwMDAwMDAwLCJ1cGRhdGUiOjYwMDAwMDAwMDAwMH19",
          "dependencies": [
            "module.dynamodb.aws_dynamodb_table.this",
            "module.lambda_get_item.aws_iam_role.lambda_role"
          ],
          "create_before_destroy": true
        }
      ]
    },
    {
      "module": "module.lambda_list_items",
      "mode": "managed",
      "type": "aws_iam_role",
      "name": "lambda_role",
      "provider": "provider[\"registry.terraform.io/hashicorp/aws\"]",
      "instances": [
        {
          "schema_version": 0,
          "attributes": {
            "arn": "arn:aws:iam::000000000000:role/lambda-zerotrust-poc-list-items-role",
            "assume_role_policy": "{\"Statement\":[{\"Action\":\"sts:AssumeRole\",\"Effect\":\"Allow\",\"Principal\":{\"Service\":\"lambda.amazonaws.com\"}}],\"Version\":\"2012-10-17\"}",
            "create_date": "2026-07-17T14:54:08Z",
            "description": "",
            "force_detach_policies": false,
            "id": "lambda-zerotrust-poc-list-items-role",
            "inline_policy": [
              {
                "name": "lambda-zerotrust-poc-list-items-custom",
                "policy": "{\"Version\":\"2012-10-17\",\"Statement\":[{\"Action\":[\"dynamodb:Scan\",\"dynamodb:Query\"],\"Effect\":\"Allow\",\"Resource\":[\"arn:aws:dynamodb:us-east-1:000000000000:table/lambda-zerotrust-poc-items\"]}]}"
              }
            ],
            "managed_policy_arns": [
              "arn:aws:iam::aws:policy/AWSXRayDaemonWriteAccess",
              "arn:aws:iam::aws:policy/service-role/AWSLambdaBasicExecutionRole"
            ],
            "max_session_duration": 3600,
            "name": "lambda-zerotrust-poc-list-items-role",
            "name_prefix": "",
            "path": "/",
            "permissions_boundary": "",
            "tags": {},
            "tags_all": {},
            "unique_id": "AROA6C6WEHYUHK2UCM2I"
          },
          "sensitive_attributes": [],
          "identity_schema_version": 0,
          "identity": {
            "account_id": "",
            "name": "lambda-zerotrust-poc-list-items-role"
          },
          "private": "bnVsbA==",
          "create_before_destroy": true
        }
      ]
    },
    {
      "module": "module.lambda_list_items",
      "mode": "managed",
      "type": "aws_iam_role_policy",
      "name": "custom",
      "provider": "provider[\"registry.terraform.io/hashicorp/aws\"]",
      "instances": [
        {
          "index_key": 0,
          "schema_version": 0,
          "attributes": {
            "id": "lambda-zerotrust-poc-list-items-role:lambda-zerotrust-poc-list-items-custom",
            "name": "lambda-zerotrust-poc-list-items-custom",
            "name_prefix": "",
            "policy": "{\"Version\":\"2012-10-17\",\"Statement\":[{\"Action\":[\"dynamodb:Scan\",\"dynamodb:Query\"],\"Effect\":\"Allow\",\"Resource\":[\"arn:aws:dynamodb:us-east-1:000000000000:table/lambda-zerotrust-poc-items\"]}]}",
            "role": "lambda-zerotrust-poc-list-items-role"
          },
          "sensitive_attributes": [],
          "identity_schema_version": 0,
          "identity": {
            "account_id": "",
            "name": "lambda-zerotrust-poc-list-items-custom",
            "role": "lambda-zerotrust-poc-list-items-role"
          },
          "private": "bnVsbA==",
          "dependencies": [
            "module.dynamodb.aws_dynamodb_table.this",
            "module.lambda_list_items.aws_iam_role.lambda_role"
          ]
        }
      ]
    },
    {
      "module": "module.lambda_list_items",
      "mode": "managed",
      "type": "aws_iam_role_policy_attachment",
      "name": "basic_execution",
      "provider": "provider[\"registry.terraform.io/hashicorp/aws\"]",
      "instances": [
        {
          "schema_version": 0,
          "attributes": {
            "id": "lambda-zerotrust-poc-list-items-role/arn:aws:iam::aws:policy/service-role/AWSLambdaBasicExecutionRole",
            "policy_arn": "arn:aws:iam::aws:policy/service-role/AWSLambdaBasicExecutionRole",
            "role": "lambda-zerotrust-poc-list-items-role"
          },
          "sensitive_attributes": [],
          "identity_schema_version": 0,
          "identity": {
            "account_id": "",
            "policy_arn": "arn:aws:iam::aws:policy/service-role/AWSLambdaBasicExecutionRole",
            "role": "lambda-zerotrust-poc-list-items-role"
          },
          "private": "bnVsbA==",
          "dependencies": [
            "module.lambda_list_items.aws_iam_role.lambda_role"
          ]
        }
      ]
    },
    {
      "module": "module.lambda_list_items",
      "mode": "managed",
      "type": "aws_iam_role_policy_attachment",
      "name": "xray",
      "provider": "provider[\"registry.terraform.io/hashicorp/aws\"]",
      "instances": [
        {
          "schema_version": 0,
          "attributes": {
            "id": "lambda-zerotrust-poc-list-items-role/arn:aws:iam::aws:policy/AWSXRayDaemonWriteAccess",
            "policy_arn": "arn:aws:iam::aws:policy/AWSXRayDaemonWriteAccess",
            "role": "lambda-zerotrust-poc-list-items-role"
          },
          "sensitive_attributes": [],
          "identity_schema_version": 0,
          "identity": {
            "account_id": "",
            "policy_arn": "arn:aws:iam::aws:policy/AWSXRayDaemonWriteAccess",
            "role": "lambda-zerotrust-poc-list-items-role"
          },
          "private": "bnVsbA==",
          "dependencies": [
            "module.lambda_list_items.aws_iam_role.lambda_role"
          ]
        }
      ]
    },
    {
      "module": "module.lambda_list_items",
      "mode": "managed",
      "type": "aws_lambda_function",
      "name": "this",
      "provider": "provider[\"registry.terraform.io/hashicorp/aws\"]",
      "instances": [
        {
          "schema_version": 0,
          "attributes": {
            "architectures": [
              "x86_64"
            ],
            "arn": "arn:aws:lambda:us-east-1:000000000000:function:lambda-zerotrust-poc-list-items",
            "capacity_provider_config": [],
            "code_sha256": "6SvSgQwwsQSuzmVZwovIxEoR4M6ZwizhxLxK1MF3JZQ=",
            "code_signing_config_arn": "",
            "dead_letter_config": [],
            "description": "",
            "durable_config": [],
            "environment": [
              {
                "variables": {
                  "AWS_REGION": "us-east-1",
                  "DYNAMODB_TABLE_NAME": "lambda-zerotrust-poc-items",
                  "LOG_LEVEL": "INFO",
                  "POWERTOOLS_METRICS_NAMESPACE": "LambdaZeroTrustPOC",
                  "POWERTOOLS_SERVICE_NAME": "lambda-zerotrust-poc-list-items"
                }
              }
            ],
            "ephemeral_storage": [
              {
                "size": 512
              }
            ],
            "file_system_config": [],
            "filename": "./../.build/lambdas/list_items.zip",
            "function_name": "lambda-zerotrust-poc-list-items",
            "handler": "list_items.lambda_handler",
            "id": "lambda-zerotrust-poc-list-items",
            "image_config": [],
            "image_uri": "",
            "invoke_arn": "arn:aws:apigateway:us-east-1:lambda:path/2015-03-31/functions/arn:aws:lambda:us-east-1:000000000000:function:lambda-zerotrust-poc-list-items/invocations",
            "kms_key_arn": "",
            "last_modified": "2026-07-17T16:49:24.984+0000",
            "layers": [],
            "logging_config": [],
            "memory_size": 256,
            "package_type": "Zip",
            "publish": false,
            "publish_to": null,
            "qualified_arn": "arn:aws:lambda:us-east-1:000000000000:function:lambda-zerotrust-poc-list-items",
            "qualified_invoke_arn": "arn:aws:apigateway:us-east-1:lambda:path/2015-03-31/functions/arn:aws:lambda:us-east-1:000000000000:function:lambda-zerotrust-poc-list-items/invocations",
            "region": "us-east-1",
            "replace_security_groups_on_destroy": null,
            "replacement_security_group_ids": null,
            "reserved_concurrent_executions": -1,
            "response_streaming_invoke_arn": "arn:aws:apigateway:us-east-1:lambda:path/2021-11-15/functions/arn:aws:lambda:us-east-1:000000000000:function:lambda-zerotrust-poc-list-items/response-streaming-invocations",
            "role": "arn:aws:iam::000000000000:role/lambda-zerotrust-poc-list-items-role",
            "runtime": "python3.13",
            "s3_bucket": null,
            "s3_key": null,
            "s3_object_version": null,
            "signing_job_arn": "",
            "signing_profile_version_arn": "",
            "skip_destroy": false,
            "snap_start": [],
            "source_code_hash": "6SvSgQwwsQSuzmVZwovIxEoR4M6ZwizhxLxK1MF3JZQ=",
            "source_code_size": 22281740,
            "source_kms_key_arn": "",
            "tags": {},
            "tags_all": {},
            "tenancy_config": [],
            "timeout": 10,
            "timeouts": null,
            "tracing_config": [
              {
                "mode": "Active"
              }
            ],
            "use_resource_timeout_for_propagation": null,
            "version": "$LATEST",
            "vpc_config": []
          },
          "sensitive_attributes": [],
          "identity_schema_version": 0,
          "identity": {
            "account_id": "",
            "function_name": "lambda-zerotrust-poc-list-items",
            "region": "us-east-1"
          },
          "private": "eyJlMmJmYjczMC1lY2FhLTExZTYtOGY4OC0zNDM2M2JjN2M0YzAiOnsiY3JlYXRlIjo2MDAwMDAwMDAwMDAsImRlbGV0ZSI6NjAwMDAwMDAwMDAwLCJ1cGRhdGUiOjYwMDAwMDAwMDAwMH19",
          "dependencies": [
            "module.dynamodb.aws_dynamodb_table.this",
            "module.lambda_list_items.aws_iam_role.lambda_role"
          ],
          "create_before_destroy": true
        }
      ]
    },
    {
      "module": "module.lambda_update_item",
      "mode": "managed",
      "type": "aws_iam_role",
      "name": "lambda_role",
      "provider": "provider[\"registry.terraform.io/hashicorp/aws\"]",
      "instances": [
        {
          "schema_version": 0,
          "attributes": {
            "arn": "arn:aws:iam::000000000000:role/lambda-zerotrust-poc-update-item-role",
            "assume_role_policy": "{\"Statement\":[{\"Action\":\"sts:AssumeRole\",\"Effect\":\"Allow\",\"Principal\":{\"Service\":\"lambda.amazonaws.com\"}}],\"Version\":\"2012-10-17\"}",
            "create_date": "2026-07-17T14:54:08Z",
            "description": "",
            "force_detach_policies": false,
            "id": "lambda-zerotrust-poc-update-item-role",
            "inline_policy": [
              {
                "name": "lambda-zerotrust-poc-update-item-custom",
                "policy": "{\"Version\":\"2012-10-17\",\"Statement\":[{\"Action\":[\"dynamodb:UpdateItem\"],\"Effect\":\"Allow\",\"Resource\":[\"arn:aws:dynamodb:us-east-1:000000000000:table/lambda-zerotrust-poc-items\"]}]}"
              }
            ],
            "managed_policy_arns": [
              "arn:aws:iam::aws:policy/AWSXRayDaemonWriteAccess",
              "arn:aws:iam::aws:policy/service-role/AWSLambdaBasicExecutionRole"
            ],
            "max_session_duration": 3600,
            "name": "lambda-zerotrust-poc-update-item-role",
            "name_prefix": "",
            "path": "/",
            "permissions_boundary": "",
            "tags": {},
            "tags_all": {},
            "unique_id": "AROARUR715MGQYXDYNW3"
          },
          "sensitive_attributes": [],
          "identity_schema_version": 0,
          "identity": {
            "account_id": "",
            "name": "lambda-zerotrust-poc-update-item-role"
          },
          "private": "bnVsbA==",
          "create_before_destroy": true
        }
      ]
    },
    {
      "module": "module.lambda_update_item",
      "mode": "managed",
      "type": "aws_iam_role_policy",
      "name": "custom",
      "provider": "provider[\"registry.terraform.io/hashicorp/aws\"]",
      "instances": [
        {
          "index_key": 0,
          "schema_version": 0,
          "attributes": {
            "id": "lambda-zerotrust-poc-update-item-role:lambda-zerotrust-poc-update-item-custom",
            "name": "lambda-zerotrust-poc-update-item-custom",
            "name_prefix": "",
            "policy": "{\"Version\":\"2012-10-17\",\"Statement\":[{\"Action\":[\"dynamodb:UpdateItem\"],\"Effect\":\"Allow\",\"Resource\":[\"arn:aws:dynamodb:us-east-1:000000000000:table/lambda-zerotrust-poc-items\"]}]}",
            "role": "lambda-zerotrust-poc-update-item-role"
          },
          "sensitive_attributes": [],
          "identity_schema_version": 0,
          "identity": {
            "account_id": "",
            "name": "lambda-zerotrust-poc-update-item-custom",
            "role": "lambda-zerotrust-poc-update-item-role"
          },
          "private": "bnVsbA==",
          "dependencies": [
            "module.dynamodb.aws_dynamodb_table.this",
            "module.lambda_update_item.aws_iam_role.lambda_role"
          ]
        }
      ]
    },
    {
      "module": "module.lambda_update_item",
      "mode": "managed",
      "type": "aws_iam_role_policy_attachment",
      "name": "basic_execution",
      "provider": "provider[\"registry.terraform.io/hashicorp/aws\"]",
      "instances": [
        {
          "schema_version": 0,
          "attributes": {
            "id": "lambda-zerotrust-poc-update-item-role/arn:aws:iam::aws:policy/service-role/AWSLambdaBasicExecutionRole",
            "policy_arn": "arn:aws:iam::aws:policy/service-role/AWSLambdaBasicExecutionRole",
            "role": "lambda-zerotrust-poc-update-item-role"
          },
          "sensitive_attributes": [],
          "identity_schema_version": 0,
          "identity": {
            "account_id": "",
            "policy_arn": "arn:aws:iam::aws:policy/service-role/AWSLambdaBasicExecutionRole",
            "role": "lambda-zerotrust-poc-update-item-role"
          },
          "private": "bnVsbA==",
          "dependencies": [
            "module.lambda_update_item.aws_iam_role.lambda_role"
          ]
        }
      ]
    },
    {
      "module": "module.lambda_update_item",
      "mode": "managed",
      "type": "aws_iam_role_policy_attachment",
      "name": "xray",
      "provider": "provider[\"registry.terraform.io/hashicorp/aws\"]",
      "instances": [
        {
          "schema_version": 0,
          "attributes": {
            "id": "lambda-zerotrust-poc-update-item-role/arn:aws:iam::aws:policy/AWSXRayDaemonWriteAccess",
            "policy_arn": "arn:aws:iam::aws:policy/AWSXRayDaemonWriteAccess",
            "role": "lambda-zerotrust-poc-update-item-role"
          },
          "sensitive_attributes": [],
          "identity_schema_version": 0,
          "identity": {
            "account_id": "",
            "policy_arn": "arn:aws:iam::aws:policy/AWSXRayDaemonWriteAccess",
            "role": "lambda-zerotrust-poc-update-item-role"
          },
          "private": "bnVsbA==",
          "dependencies": [
            "module.lambda_update_item.aws_iam_role.lambda_role"
          ]
        }
      ]
    },
    {
      "module": "module.lambda_update_item",
      "mode": "managed",
      "type": "aws_lambda_function",
      "name": "this",
      "provider": "provider[\"registry.terraform.io/hashicorp/aws\"]",
      "instances": [
        {
          "schema_version": 0,
          "attributes": {
            "architectures": [
              "x86_64"
            ],
            "arn": "arn:aws:lambda:us-east-1:000000000000:function:lambda-zerotrust-poc-update-item",
            "capacity_provider_config": [],
            "code_sha256": "6yTOyolwxgHE1qsksdquz33FlHihuQJAdKtWHlbmDZ8=",
            "code_signing_config_arn": "",
            "dead_letter_config": [],
            "description": "",
            "durable_config": [],
            "environment": [
              {
                "variables": {
                  "AWS_REGION": "us-east-1",
                  "DYNAMODB_TABLE_NAME": "lambda-zerotrust-poc-items",
                  "LOG_LEVEL": "INFO",
                  "POWERTOOLS_METRICS_NAMESPACE": "LambdaZeroTrustPOC",
                  "POWERTOOLS_SERVICE_NAME": "lambda-zerotrust-poc-update-item"
                }
              }
            ],
            "ephemeral_storage": [
              {
                "size": 512
              }
            ],
            "file_system_config": [],
            "filename": "./../.build/lambdas/update_item.zip",
            "function_name": "lambda-zerotrust-poc-update-item",
            "handler": "update_item.lambda_handler",
            "id": "lambda-zerotrust-poc-update-item",
            "image_config": [],
            "image_uri": "",
            "invoke_arn": "arn:aws:apigateway:us-east-1:lambda:path/2015-03-31/functions/arn:aws:lambda:us-east-1:000000000000:function:lambda-zerotrust-poc-update-item/invocations",
            "kms_key_arn": "",
            "last_modified": "2026-07-17T16:51:30.519+0000",
            "layers": [],
            "logging_config": [],
            "memory_size": 256,
            "package_type": "Zip",
            "publish": false,
            "publish_to": null,
            "qualified_arn": "arn:aws:lambda:us-east-1:000000000000:function:lambda-zerotrust-poc-update-item",
            "qualified_invoke_arn": "arn:aws:apigateway:us-east-1:lambda:path/2015-03-31/functions/arn:aws:lambda:us-east-1:000000000000:function:lambda-zerotrust-poc-update-item/invocations",
            "region": "us-east-1",
            "replace_security_groups_on_destroy": null,
            "replacement_security_group_ids": null,
            "reserved_concurrent_executions": -1,
            "response_streaming_invoke_arn": "arn:aws:apigateway:us-east-1:lambda:path/2021-11-15/functions/arn:aws:lambda:us-east-1:000000000000:function:lambda-zerotrust-poc-update-item/response-streaming-invocations",
            "role": "arn:aws:iam::000000000000:role/lambda-zerotrust-poc-update-item-role",
            "runtime": "python3.13",
            "s3_bucket": null,
            "s3_key": null,
            "s3_object_version": null,
            "signing_job_arn": "",
            "signing_profile_version_arn": "",
            "skip_destroy": false,
            "snap_start": [],
            "source_code_hash": "6yTOyolwxgHE1qsksdquz33FlHihuQJAdKtWHlbmDZ8=",
            "source_code_size": 22281744,
            "source_kms_key_arn": "",
            "tags": {},
            "tags_all": {},
            "tenancy_config": [],
            "timeout": 10,
            "timeouts": null,
            "tracing_config": [
              {
                "mode": "Active"
              }
            ],
            "use_resource_timeout_for_propagation": null,
            "version": "$LATEST",
            "vpc_config": []
          },
          "sensitive_attributes": [],
          "identity_schema_version": 0,
          "identity": {
            "account_id": "",
            "function_name": "lambda-zerotrust-poc-update-item",
            "region": "us-east-1"
          },
          "private": "eyJlMmJmYjczMC1lY2FhLTExZTYtOGY4OC0zNDM2M2JjN2M0YzAiOnsiY3JlYXRlIjo2MDAwMDAwMDAwMDAsImRlbGV0ZSI6NjAwMDAwMDAwMDAwLCJ1cGRhdGUiOjYwMDAwMDAwMDAwMH19",
          "dependencies": [
            "module.dynamodb.aws_dynamodb_table.this",
            "module.lambda_update_item.aws_iam_role.lambda_role"
          ],
          "create_before_destroy": true
        }
      ]
    }
  ],
  "check_results": null
}
